// !$*UTF8*$!
{
	archiveVersion = 1;
	classes = {
	};
	objectVersion = 45;
	objects = {

/* Begin PBXBuildFile section */
		367DB34713876D060041DF70 /* TSDBQuery.h in Headers */ = {isa = PBXBuildFile; fileRef = 367DB34513876D060041DF70 /* TSDBQuery.h */; };
		367DB34813876D060041DF70 /* TSDBQuery.m in Sources */ = {isa = PBXBuildFile; fileRef = 367DB34613876D060041DF70 /* TSDBQuery.m */; };
		6A282EF812FB21960057E525 /* ZipArchive.h in Headers */ = {isa = PBXBuildFile; fileRef = 6A282EEC12FB21960057E525 /* ZipArchive.h */; };
		6A282EF912FB21960057E525 /* ZipArchive.mm in Sources */ = {isa = PBXBuildFile; fileRef = 6A282EED12FB21960057E525 /* ZipArchive.mm */; };
		6A282EFA12FB21960057E525 /* crypt.h in Headers */ = {isa = PBXBuildFile; fileRef = 6A282EEF12FB21960057E525 /* crypt.h */; };
		6A282EFB12FB21960057E525 /* ioapi.c in Sources */ = {isa = PBXBuildFile; fileRef = 6A282EF012FB21960057E525 /* ioapi.c */; };
		6A282EFC12FB21960057E525 /* ioapi.h in Headers */ = {isa = PBXBuildFile; fileRef = 6A282EF112FB21960057E525 /* ioapi.h */; };
		6A282EFD12FB21960057E525 /* mztools.c in Sources */ = {isa = PBXBuildFile; fileRef = 6A282EF212FB21960057E525 /* mztools.c */; };
		6A282EFE12FB21960057E525 /* mztools.h in Headers */ = {isa = PBXBuildFile; fileRef = 6A282EF312FB21960057E525 /* mztools.h */; };
		6A282EFF12FB21960057E525 /* unzip.c in Sources */ = {isa = PBXBuildFile; fileRef = 6A282EF412FB21960057E525 /* unzip.c */; };
		6A282F0012FB21960057E525 /* unzip.h in Headers */ = {isa = PBXBuildFile; fileRef = 6A282EF512FB21960057E525 /* unzip.h */; };
		6A282F0112FB21960057E525 /* zip.c in Sources */ = {isa = PBXBuildFile; fileRef = 6A282EF612FB21960057E525 /* zip.c */; };
		6A282F0212FB21960057E525 /* zip.h in Headers */ = {isa = PBXBuildFile; fileRef = 6A282EF712FB21960057E525 /* zip.h */; };
		6A3F3DBC1297098700205B30 /* libz.1.2.3.dylib in Frameworks */ = {isa = PBXBuildFile; fileRef = 6A3F3DBB1297098700205B30 /* libz.1.2.3.dylib */; };
		6A3F3DCC12970A5400205B30 /* libbz2.1.0.5.dylib in Frameworks */ = {isa = PBXBuildFile; fileRef = 6A3F3DCB12970A5400205B30 /* libbz2.1.0.5.dylib */; };
		8C54318D129CCB2500B7900A /* md5.c in Sources */ = {isa = PBXBuildFile; fileRef = 8C54315E129CCB2400B7900A /* md5.c */; };
		8C54318E129CCB2500B7900A /* md5.h in Headers */ = {isa = PBXBuildFile; fileRef = 8C54315F129CCB2400B7900A /* md5.h */; };
		8C54318F129CCB2500B7900A /* myconf.c in Sources */ = {isa = PBXBuildFile; fileRef = 8C543160129CCB2400B7900A /* myconf.c */; };
		8C543190129CCB2500B7900A /* myconf.h in Headers */ = {isa = PBXBuildFile; fileRef = 8C543161129CCB2400B7900A /* myconf.h */; };
		8C543191129CCB2500B7900A /* tcadb.c in Sources */ = {isa = PBXBuildFile; fileRef = 8C543162129CCB2400B7900A /* tcadb.c */; };
		8C543192129CCB2500B7900A /* tcadb.h in Headers */ = {isa = PBXBuildFile; fileRef = 8C543163129CCB2400B7900A /* tcadb.h */; };
		8C543193129CCB2500B7900A /* tcamgr.c in Sources */ = {isa = PBXBuildFile; fileRef = 8C543164129CCB2400B7900A /* tcamgr.c */; };
		8C543194129CCB2500B7900A /* tcamttest.c in Sources */ = {isa = PBXBuildFile; fileRef = 8C543165129CCB2400B7900A /* tcamttest.c */; };
		8C543195129CCB2500B7900A /* tcatest.c in Sources */ = {isa = PBXBuildFile; fileRef = 8C543166129CCB2400B7900A /* tcatest.c */; };
		8C543196129CCB2500B7900A /* tcawmgr.c in Sources */ = {isa = PBXBuildFile; fileRef = 8C543167129CCB2400B7900A /* tcawmgr.c */; };
		8C543197129CCB2500B7900A /* tcbdb.c in Sources */ = {isa = PBXBuildFile; fileRef = 8C543168129CCB2400B7900A /* tcbdb.c */; };
		8C543198129CCB2500B7900A /* tcbdb.h in Headers */ = {isa = PBXBuildFile; fileRef = 8C543169129CCB2400B7900A /* tcbdb.h */; };
		8C543199129CCB2500B7900A /* tcbmgr.c in Sources */ = {isa = PBXBuildFile; fileRef = 8C54316A129CCB2400B7900A /* tcbmgr.c */; };
		8C54319A129CCB2500B7900A /* tcbmttest.c in Sources */ = {isa = PBXBuildFile; fileRef = 8C54316B129CCB2400B7900A /* tcbmttest.c */; };
		8C54319B129CCB2500B7900A /* tcbtest.c in Sources */ = {isa = PBXBuildFile; fileRef = 8C54316C129CCB2400B7900A /* tcbtest.c */; };
		8C54319C129CCB2500B7900A /* tcfdb.c in Sources */ = {isa = PBXBuildFile; fileRef = 8C54316D129CCB2400B7900A /* tcfdb.c */; };
		8C54319D129CCB2500B7900A /* tcfdb.h in Headers */ = {isa = PBXBuildFile; fileRef = 8C54316E129CCB2400B7900A /* tcfdb.h */; };
		8C54319E129CCB2500B7900A /* tcfmgr.c in Sources */ = {isa = PBXBuildFile; fileRef = 8C54316F129CCB2400B7900A /* tcfmgr.c */; };
		8C54319F129CCB2500B7900A /* tcfmttest.c in Sources */ = {isa = PBXBuildFile; fileRef = 8C543170129CCB2400B7900A /* tcfmttest.c */; };
		8C5431A0129CCB2500B7900A /* tcftest.c in Sources */ = {isa = PBXBuildFile; fileRef = 8C543171129CCB2400B7900A /* tcftest.c */; };
		8C5431A1129CCB2500B7900A /* tchdb.c in Sources */ = {isa = PBXBuildFile; fileRef = 8C543172129CCB2400B7900A /* tchdb.c */; };
		8C5431A2129CCB2500B7900A /* tchdb.h in Headers */ = {isa = PBXBuildFile; fileRef = 8C543173129CCB2400B7900A /* tchdb.h */; };
		8C5431A3129CCB2500B7900A /* tchmgr.c in Sources */ = {isa = PBXBuildFile; fileRef = 8C543174129CCB2400B7900A /* tchmgr.c */; };
		8C5431A4129CCB2500B7900A /* tchmttest.c in Sources */ = {isa = PBXBuildFile; fileRef = 8C543175129CCB2400B7900A /* tchmttest.c */; };
		8C5431A5129CCB2500B7900A /* tchtest.c in Sources */ = {isa = PBXBuildFile; fileRef = 8C543176129CCB2400B7900A /* tchtest.c */; };
		8C5431A6129CCB2500B7900A /* tctdb.c in Sources */ = {isa = PBXBuildFile; fileRef = 8C543177129CCB2400B7900A /* tctdb.c */; };
		8C5431A7129CCB2500B7900A /* tctdb.h in Headers */ = {isa = PBXBuildFile; fileRef = 8C543178129CCB2400B7900A /* tctdb.h */; };
		8C5431A8129CCB2500B7900A /* tctmgr.c in Sources */ = {isa = PBXBuildFile; fileRef = 8C543179129CCB2400B7900A /* tctmgr.c */; };
		8C5431A9129CCB2500B7900A /* tctmttest.c in Sources */ = {isa = PBXBuildFile; fileRef = 8C54317A129CCB2400B7900A /* tctmttest.c */; };
		8C5431AA129CCB2500B7900A /* tcttest.c in Sources */ = {isa = PBXBuildFile; fileRef = 8C54317B129CCB2400B7900A /* tcttest.c */; };
		8C5431AB129CCB2500B7900A /* tcumttest.c in Sources */ = {isa = PBXBuildFile; fileRef = 8C54317C129CCB2400B7900A /* tcumttest.c */; };
		8C5431AC129CCB2500B7900A /* tcutest.c in Sources */ = {isa = PBXBuildFile; fileRef = 8C54317D129CCB2400B7900A /* tcutest.c */; };
		8C5431AD129CCB2500B7900A /* tcutil.c in Sources */ = {isa = PBXBuildFile; fileRef = 8C54317E129CCB2400B7900A /* tcutil.c */; };
		8C5431AE129CCB2500B7900A /* tcutil.h in Headers */ = {isa = PBXBuildFile; fileRef = 8C54317F129CCB2400B7900A /* tcutil.h */; };
		8C5431AF129CCB2500B7900A /* TSDB.h in Headers */ = {isa = PBXBuildFile; fileRef = 8C543180129CCB2400B7900A /* TSDB.h */; };
		8C5431B0129CCB2500B7900A /* TSDB.m in Sources */ = {isa = PBXBuildFile; fileRef = 8C543181129CCB2400B7900A /* TSDB.m */; };
		8C5431B1129CCB2500B7900A /* TSDBManager.h in Headers */ = {isa = PBXBuildFile; fileRef = 8C543182129CCB2400B7900A /* TSDBManager.h */; };
		8C5431B2129CCB2500B7900A /* TSDBManager.m in Sources */ = {isa = PBXBuildFile; fileRef = 8C543183129CCB2400B7900A /* TSDBManager.m */; };
		8C5431B3129CCB2500B7900A /* TSRowFilter.h in Headers */ = {isa = PBXBuildFile; fileRef = 8C543184129CCB2400B7900A /* TSRowFilter.h */; };
		8C5431B4129CCB2500B7900A /* TSRowFilter.m in Sources */ = {isa = PBXBuildFile; fileRef = 8C543185129CCB2400B7900A /* TSRowFilter.m */; };
		8C5431B5129CCB2500B7900A /* TSRowFilterChain.h in Headers */ = {isa = PBXBuildFile; fileRef = 8C543186129CCB2400B7900A /* TSRowFilterChain.h */; };
		8C5431B6129CCB2500B7900A /* TSRowFilterChain.m in Sources */ = {isa = PBXBuildFile; fileRef = 8C543187129CCB2400B7900A /* TSRowFilterChain.m */; };
		8C5431B7129CCB2500B7900A /* NSString+TSTools.h in Headers */ = {isa = PBXBuildFile; fileRef = 8C543189129CCB2500B7900A /* NSString+TSTools.h */; };
		8C5431B8129CCB2500B7900A /* NSString+TSTools.m in Sources */ = {isa = PBXBuildFile; fileRef = 8C54318A129CCB2500B7900A /* NSString+TSTools.m */; };
		8C5431B9129CCB2500B7900A /* TSMacros.h in Headers */ = {isa = PBXBuildFile; fileRef = 8C54318B129CCB2500B7900A /* TSMacros.h */; };
		8C5431BA129CCB2500B7900A /* TSTools.h in Headers */ = {isa = PBXBuildFile; fileRef = 8C54318C129CCB2500B7900A /* TSTools.h */; };
		D2AAC088055469A000DB518D /* Cocoa.framework in Frameworks */ = {isa = PBXBuildFile; fileRef = 1058C7B1FEA5585E11CA2CBB /* Cocoa.framework */; };
/* End PBXBuildFile section */

/* Begin PBXFileReference section */
		0867D69BFE84028FC02AAC07 /* Foundation.framework */ = {isa = PBXFileReference; lastKnownFileType = wrapper.framework; name = Foundation.framework; path = /System/Library/Frameworks/Foundation.framework; sourceTree = "<absolute>"; };
		0867D6A5FE840307C02AAC07 /* AppKit.framework */ = {isa = PBXFileReference; lastKnownFileType = wrapper.framework; name = AppKit.framework; path = /System/Library/Frameworks/AppKit.framework; sourceTree = "<absolute>"; };
		1058C7B1FEA5585E11CA2CBB /* Cocoa.framework */ = {isa = PBXFileReference; lastKnownFileType = wrapper.framework; name = Cocoa.framework; path = /System/Library/Frameworks/Cocoa.framework; sourceTree = "<absolute>"; };
		32DBCF5E0370ADEE00C91783 /* TSDocDBStatic_Prefix.pch */ = {isa = PBXFileReference; fileEncoding = 4; lastKnownFileType = sourcecode.c.h; path = TSDocDBStatic_Prefix.pch; sourceTree = "<group>"; };
		367DB34513876D060041DF70 /* TSDBQuery.h */ = {isa = PBXFileReference; fileEncoding = 4; lastKnownFileType = sourcecode.c.h; path = TSDBQuery.h; sourceTree = "<group>"; };
		367DB34613876D060041DF70 /* TSDBQuery.m */ = {isa = PBXFileReference; fileEncoding = 4; lastKnownFileType = sourcecode.c.objc; path = TSDBQuery.m; sourceTree = "<group>"; };
		6A282EEC12FB21960057E525 /* ZipArchive.h */ = {isa = PBXFileReference; fileEncoding = 4; lastKnownFileType = sourcecode.c.h; path = ZipArchive.h; sourceTree = "<group>"; };
		6A282EED12FB21960057E525 /* ZipArchive.mm */ = {isa = PBXFileReference; fileEncoding = 4; lastKnownFileType = sourcecode.cpp.objcpp; path = ZipArchive.mm; sourceTree = "<group>"; };
		6A282EEF12FB21960057E525 /* crypt.h */ = {isa = PBXFileReference; fileEncoding = 4; lastKnownFileType = sourcecode.c.h; path = crypt.h; sourceTree = "<group>"; };
		6A282EF012FB21960057E525 /* ioapi.c */ = {isa = PBXFileReference; fileEncoding = 4; lastKnownFileType = sourcecode.c.c; path = ioapi.c; sourceTree = "<group>"; };
		6A282EF112FB21960057E525 /* ioapi.h */ = {isa = PBXFileReference; fileEncoding = 4; lastKnownFileType = sourcecode.c.h; path = ioapi.h; sourceTree = "<group>"; };
		6A282EF212FB21960057E525 /* mztools.c */ = {isa = PBXFileReference; fileEncoding = 4; lastKnownFileType = sourcecode.c.c; path = mztools.c; sourceTree = "<group>"; };
		6A282EF312FB21960057E525 /* mztools.h */ = {isa = PBXFileReference; fileEncoding = 4; lastKnownFileType = sourcecode.c.h; path = mztools.h; sourceTree = "<group>"; };
		6A282EF412FB21960057E525 /* unzip.c */ = {isa = PBXFileReference; fileEncoding = 4; lastKnownFileType = sourcecode.c.c; path = unzip.c; sourceTree = "<group>"; };
		6A282EF512FB21960057E525 /* unzip.h */ = {isa = PBXFileReference; fileEncoding = 4; lastKnownFileType = sourcecode.c.h; path = unzip.h; sourceTree = "<group>"; };
		6A282EF612FB21960057E525 /* zip.c */ = {isa = PBXFileReference; fileEncoding = 4; lastKnownFileType = sourcecode.c.c; path = zip.c; sourceTree = "<group>"; };
		6A282EF712FB21960057E525 /* zip.h */ = {isa = PBXFileReference; fileEncoding = 4; lastKnownFileType = sourcecode.c.h; path = zip.h; sourceTree = "<group>"; };
		6A3F3DBB1297098700205B30 /* libz.1.2.3.dylib */ = {isa = PBXFileReference; lastKnownFileType = "compiled.mach-o.dylib"; name = libz.1.2.3.dylib; path = usr/lib/libz.1.2.3.dylib; sourceTree = SDKROOT; };
		6A3F3DCB12970A5400205B30 /* libbz2.1.0.5.dylib */ = {isa = PBXFileReference; lastKnownFileType = "compiled.mach-o.dylib"; name = libbz2.1.0.5.dylib; path = usr/lib/libbz2.1.0.5.dylib; sourceTree = SDKROOT; };
		8C54315E129CCB2400B7900A /* md5.c */ = {isa = PBXFileReference; fileEncoding = 4; lastKnownFileType = sourcecode.c.c; path = md5.c; sourceTree = "<group>"; };
		8C54315F129CCB2400B7900A /* md5.h */ = {isa = PBXFileReference; fileEncoding = 4; lastKnownFileType = sourcecode.c.h; path = md5.h; sourceTree = "<group>"; };
		8C543160129CCB2400B7900A /* myconf.c */ = {isa = PBXFileReference; fileEncoding = 4; lastKnownFileType = sourcecode.c.c; path = myconf.c; sourceTree = "<group>"; };
		8C543161129CCB2400B7900A /* myconf.h */ = {isa = PBXFileReference; fileEncoding = 4; lastKnownFileType = sourcecode.c.h; path = myconf.h; sourceTree = "<group>"; };
		8C543162129CCB2400B7900A /* tcadb.c */ = {isa = PBXFileReference; fileEncoding = 4; lastKnownFileType = sourcecode.c.c; path = tcadb.c; sourceTree = "<group>"; };
		8C543163129CCB2400B7900A /* tcadb.h */ = {isa = PBXFileReference; fileEncoding = 4; lastKnownFileType = sourcecode.c.h; path = tcadb.h; sourceTree = "<group>"; };
		8C543164129CCB2400B7900A /* tcamgr.c */ = {isa = PBXFileReference; fileEncoding = 4; lastKnownFileType = sourcecode.c.c; path = tcamgr.c; sourceTree = "<group>"; };
		8C543165129CCB2400B7900A /* tcamttest.c */ = {isa = PBXFileReference; fileEncoding = 4; lastKnownFileType = sourcecode.c.c; path = tcamttest.c; sourceTree = "<group>"; };
		8C543166129CCB2400B7900A /* tcatest.c */ = {isa = PBXFileReference; fileEncoding = 4; lastKnownFileType = sourcecode.c.c; path = tcatest.c; sourceTree = "<group>"; };
		8C543167129CCB2400B7900A /* tcawmgr.c */ = {isa = PBXFileReference; fileEncoding = 4; lastKnownFileType = sourcecode.c.c; path = tcawmgr.c; sourceTree = "<group>"; };
		8C543168129CCB2400B7900A /* tcbdb.c */ = {isa = PBXFileReference; fileEncoding = 4; lastKnownFileType = sourcecode.c.c; path = tcbdb.c; sourceTree = "<group>"; };
		8C543169129CCB2400B7900A /* tcbdb.h */ = {isa = PBXFileReference; fileEncoding = 4; lastKnownFileType = sourcecode.c.h; path = tcbdb.h; sourceTree = "<group>"; };
		8C54316A129CCB2400B7900A /* tcbmgr.c */ = {isa = PBXFileReference; fileEncoding = 4; lastKnownFileType = sourcecode.c.c; path = tcbmgr.c; sourceTree = "<group>"; };
		8C54316B129CCB2400B7900A /* tcbmttest.c */ = {isa = PBXFileReference; fileEncoding = 4; lastKnownFileType = sourcecode.c.c; path = tcbmttest.c; sourceTree = "<group>"; };
		8C54316C129CCB2400B7900A /* tcbtest.c */ = {isa = PBXFileReference; fileEncoding = 4; lastKnownFileType = sourcecode.c.c; path = tcbtest.c; sourceTree = "<group>"; };
		8C54316D129CCB2400B7900A /* tcfdb.c */ = {isa = PBXFileReference; fileEncoding = 4; lastKnownFileType = sourcecode.c.c; path = tcfdb.c; sourceTree = "<group>"; };
		8C54316E129CCB2400B7900A /* tcfdb.h */ = {isa = PBXFileReference; fileEncoding = 4; lastKnownFileType = sourcecode.c.h; path = tcfdb.h; sourceTree = "<group>"; };
		8C54316F129CCB2400B7900A /* tcfmgr.c */ = {isa = PBXFileReference; fileEncoding = 4; lastKnownFileType = sourcecode.c.c; path = tcfmgr.c; sourceTree = "<group>"; };
		8C543170129CCB2400B7900A /* tcfmttest.c */ = {isa = PBXFileReference; fileEncoding = 4; lastKnownFileType = sourcecode.c.c; path = tcfmttest.c; sourceTree = "<group>"; };
		8C543171129CCB2400B7900A /* tcftest.c */ = {isa = PBXFileReference; fileEncoding = 4; lastKnownFileType = sourcecode.c.c; path = tcftest.c; sourceTree = "<group>"; };
		8C543172129CCB2400B7900A /* tchdb.c */ = {isa = PBXFileReference; fileEncoding = 4; lastKnownFileType = sourcecode.c.c; path = tchdb.c; sourceTree = "<group>"; };
		8C543173129CCB2400B7900A /* tchdb.h */ = {isa = PBXFileReference; fileEncoding = 4; lastKnownFileType = sourcecode.c.h; path = tchdb.h; sourceTree = "<group>"; };
		8C543174129CCB2400B7900A /* tchmgr.c */ = {isa = PBXFileReference; fileEncoding = 4; lastKnownFileType = sourcecode.c.c; path = tchmgr.c; sourceTree = "<group>"; };
		8C543175129CCB2400B7900A /* tchmttest.c */ = {isa = PBXFileReference; fileEncoding = 4; lastKnownFileType = sourcecode.c.c; path = tchmttest.c; sourceTree = "<group>"; };
		8C543176129CCB2400B7900A /* tchtest.c */ = {isa = PBXFileReference; fileEncoding = 4; lastKnownFileType = sourcecode.c.c; path = tchtest.c; sourceTree = "<group>"; };
		8C543177129CCB2400B7900A /* tctdb.c */ = {isa = PBXFileReference; fileEncoding = 4; lastKnownFileType = sourcecode.c.c; path = tctdb.c; sourceTree = "<group>"; };
		8C543178129CCB2400B7900A /* tctdb.h */ = {isa = PBXFileReference; fileEncoding = 4; lastKnownFileType = sourcecode.c.h; path = tctdb.h; sourceTree = "<group>"; };
		8C543179129CCB2400B7900A /* tctmgr.c */ = {isa = PBXFileReference; fileEncoding = 4; lastKnownFileType = sourcecode.c.c; path = tctmgr.c; sourceTree = "<group>"; };
		8C54317A129CCB2400B7900A /* tctmttest.c */ = {isa = PBXFileReference; fileEncoding = 4; lastKnownFileType = sourcecode.c.c; path = tctmttest.c; sourceTree = "<group>"; };
		8C54317B129CCB2400B7900A /* tcttest.c */ = {isa = PBXFileReference; fileEncoding = 4; lastKnownFileType = sourcecode.c.c; path = tcttest.c; sourceTree = "<group>"; };
		8C54317C129CCB2400B7900A /* tcumttest.c */ = {isa = PBXFileReference; fileEncoding = 4; lastKnownFileType = sourcecode.c.c; path = tcumttest.c; sourceTree = "<group>"; };
		8C54317D129CCB2400B7900A /* tcutest.c */ = {isa = PBXFileReference; fileEncoding = 4; lastKnownFileType = sourcecode.c.c; path = tcutest.c; sourceTree = "<group>"; };
		8C54317E129CCB2400B7900A /* tcutil.c */ = {isa = PBXFileReference; fileEncoding = 4; lastKnownFileType = sourcecode.c.c; path = tcutil.c; sourceTree = "<group>"; };
		8C54317F129CCB2400B7900A /* tcutil.h */ = {isa = PBXFileReference; fileEncoding = 4; lastKnownFileType = sourcecode.c.h; path = tcutil.h; sourceTree = "<group>"; };
		8C543180129CCB2400B7900A /* TSDB.h */ = {isa = PBXFileReference; fileEncoding = 4; lastKnownFileType = sourcecode.c.h; path = TSDB.h; sourceTree = "<group>"; };
		8C543181129CCB2400B7900A /* TSDB.m */ = {isa = PBXFileReference; fileEncoding = 4; lastKnownFileType = sourcecode.c.objc; path = TSDB.m; sourceTree = "<group>"; };
		8C543182129CCB2400B7900A /* TSDBManager.h */ = {isa = PBXFileReference; fileEncoding = 4; lastKnownFileType = sourcecode.c.h; path = TSDBManager.h; sourceTree = "<group>"; };
		8C543183129CCB2400B7900A /* TSDBManager.m */ = {isa = PBXFileReference; fileEncoding = 4; lastKnownFileType = sourcecode.c.objc; path = TSDBManager.m; sourceTree = "<group>"; };
		8C543184129CCB2400B7900A /* TSRowFilter.h */ = {isa = PBXFileReference; fileEncoding = 4; lastKnownFileType = sourcecode.c.h; path = TSRowFilter.h; sourceTree = "<group>"; };
		8C543185129CCB2400B7900A /* TSRowFilter.m */ = {isa = PBXFileReference; fileEncoding = 4; lastKnownFileType = sourcecode.c.objc; path = TSRowFilter.m; sourceTree = "<group>"; };
		8C543186129CCB2400B7900A /* TSRowFilterChain.h */ = {isa = PBXFileReference; fileEncoding = 4; lastKnownFileType = sourcecode.c.h; path = TSRowFilterChain.h; sourceTree = "<group>"; };
		8C543187129CCB2400B7900A /* TSRowFilterChain.m */ = {isa = PBXFileReference; fileEncoding = 4; lastKnownFileType = sourcecode.c.objc; path = TSRowFilterChain.m; sourceTree = "<group>"; };
		8C543189129CCB2500B7900A /* NSString+TSTools.h */ = {isa = PBXFileReference; fileEncoding = 4; lastKnownFileType = sourcecode.c.h; path = "NSString+TSTools.h"; sourceTree = "<group>"; };
		8C54318A129CCB2500B7900A /* NSString+TSTools.m */ = {isa = PBXFileReference; fileEncoding = 4; lastKnownFileType = sourcecode.c.objc; path = "NSString+TSTools.m"; sourceTree = "<group>"; };
		8C54318B129CCB2500B7900A /* TSMacros.h */ = {isa = PBXFileReference; fileEncoding = 4; lastKnownFileType = sourcecode.c.h; path = TSMacros.h; sourceTree = "<group>"; };
		8C54318C129CCB2500B7900A /* TSTools.h */ = {isa = PBXFileReference; fileEncoding = 4; lastKnownFileType = sourcecode.c.h; path = TSTools.h; sourceTree = "<group>"; };
		D2AAC07E0554694100DB518D /* libTSDocDBStatic.a */ = {isa = PBXFileReference; explicitFileType = archive.ar; includeInIndex = 0; path = libTSDocDBStatic.a; sourceTree = BUILT_PRODUCTS_DIR; };
		D2F7E8BE07B2D77200F64583 /* CoreData.framework */ = {isa = PBXFileReference; lastKnownFileType = wrapper.framework; name = CoreData.framework; path = /System/Library/Frameworks/CoreData.framework; sourceTree = "<absolute>"; };
/* End PBXFileReference section */

/* Begin PBXFrameworksBuildPhase section */
		D2AAC07C0554694100DB518D /* Frameworks */ = {
			isa = PBXFrameworksBuildPhase;
			buildActionMask = 2147483647;
			files = (
				D2AAC088055469A000DB518D /* Cocoa.framework in Frameworks */,
				6A3F3DBC1297098700205B30 /* libz.1.2.3.dylib in Frameworks */,
				6A3F3DCC12970A5400205B30 /* libbz2.1.0.5.dylib in Frameworks */,
			);
			runOnlyForDeploymentPostprocessing = 0;
		};
/* End PBXFrameworksBuildPhase section */

/* Begin PBXGroup section */
		034768DFFF38A50411DB9C8B /* Products */ = {
			isa = PBXGroup;
			children = (
				D2AAC07E0554694100DB518D /* libTSDocDBStatic.a */,
			);
			name = Products;
			sourceTree = "<group>";
		};
		0867D691FE84028FC02AAC07 /* TSDocDBStatic */ = {
			isa = PBXGroup;
			children = (
				08FB77AEFE84172EC02AAC07 /* Classes */,
				32C88DFF0371C24200C91783 /* Other Sources */,
				0867D69AFE84028FC02AAC07 /* External Frameworks and Libraries */,
				034768DFFF38A50411DB9C8B /* Products */,
				6A3F3DBB1297098700205B30 /* libz.1.2.3.dylib */,
				6A3F3DCB12970A5400205B30 /* libbz2.1.0.5.dylib */,
			);
			name = TSDocDBStatic;
			sourceTree = "<group>";
		};
		0867D69AFE84028FC02AAC07 /* External Frameworks and Libraries */ = {
			isa = PBXGroup;
			children = (
				1058C7B0FEA5585E11CA2CBB /* Linked Frameworks */,
				1058C7B2FEA5585E11CA2CBB /* Other Frameworks */,
			);
			name = "External Frameworks and Libraries";
			sourceTree = "<group>";
		};
		08FB77AEFE84172EC02AAC07 /* Classes */ = {
			isa = PBXGroup;
			children = (
				8C54315C129CCB2300B7900A /* src */,
			);
			name = Classes;
			sourceTree = "<group>";
		};
		1058C7B0FEA5585E11CA2CBB /* Linked Frameworks */ = {
			isa = PBXGroup;
			children = (
				1058C7B1FEA5585E11CA2CBB /* Cocoa.framework */,
			);
			name = "Linked Frameworks";
			sourceTree = "<group>";
		};
		1058C7B2FEA5585E11CA2CBB /* Other Frameworks */ = {
			isa = PBXGroup;
			children = (
				0867D6A5FE840307C02AAC07 /* AppKit.framework */,
				D2F7E8BE07B2D77200F64583 /* CoreData.framework */,
				0867D69BFE84028FC02AAC07 /* Foundation.framework */,
			);
			name = "Other Frameworks";
			sourceTree = "<group>";
		};
		32C88DFF0371C24200C91783 /* Other Sources */ = {
			isa = PBXGroup;
			children = (
				32DBCF5E0370ADEE00C91783 /* TSDocDBStatic_Prefix.pch */,
			);
			name = "Other Sources";
			sourceTree = "<group>";
		};
		6A282EEB12FB21960057E525 /* ZipArchive */ = {
			isa = PBXGroup;
			children = (
				6A282EEC12FB21960057E525 /* ZipArchive.h */,
				6A282EED12FB21960057E525 /* ZipArchive.mm */,
				6A282EEE12FB21960057E525 /* minizip */,
			);
			path = ZipArchive;
			sourceTree = "<group>";
		};
		6A282EEE12FB21960057E525 /* minizip */ = {
			isa = PBXGroup;
			children = (
				6A282EEF12FB21960057E525 /* crypt.h */,
				6A282EF012FB21960057E525 /* ioapi.c */,
				6A282EF112FB21960057E525 /* ioapi.h */,
				6A282EF212FB21960057E525 /* mztools.c */,
				6A282EF312FB21960057E525 /* mztools.h */,
				6A282EF412FB21960057E525 /* unzip.c */,
				6A282EF512FB21960057E525 /* unzip.h */,
				6A282EF612FB21960057E525 /* zip.c */,
				6A282EF712FB21960057E525 /* zip.h */,
			);
			path = minizip;
			sourceTree = "<group>";
		};
		8C54315C129CCB2300B7900A /* src */ = {
			isa = PBXGroup;
			children = (
				6A282EEB12FB21960057E525 /* ZipArchive */,
				8C54315D129CCB2300B7900A /* TokyoCabinet */,
				8C543180129CCB2400B7900A /* TSDB.h */,
				8C543181129CCB2400B7900A /* TSDB.m */,
				367DB34513876D060041DF70 /* TSDBQuery.h */,
				367DB34613876D060041DF70 /* TSDBQuery.m */,
				8C543182129CCB2400B7900A /* TSDBManager.h */,
				8C543183129CCB2400B7900A /* TSDBManager.m */,
				8C543184129CCB2400B7900A /* TSRowFilter.h */,
				8C543185129CCB2400B7900A /* TSRowFilter.m */,
				8C543186129CCB2400B7900A /* TSRowFilterChain.h */,
				8C543187129CCB2400B7900A /* TSRowFilterChain.m */,
				8C543188129CCB2400B7900A /* TSTools */,
			);
			name = src;
			path = ../../src;
			sourceTree = SOURCE_ROOT;
		};
		8C54315D129CCB2300B7900A /* TokyoCabinet */ = {
			isa = PBXGroup;
			children = (
				8C54315E129CCB2400B7900A /* md5.c */,
				8C54315F129CCB2400B7900A /* md5.h */,
				8C543160129CCB2400B7900A /* myconf.c */,
				8C543161129CCB2400B7900A /* myconf.h */,
				8C543162129CCB2400B7900A /* tcadb.c */,
				8C543163129CCB2400B7900A /* tcadb.h */,
				8C543164129CCB2400B7900A /* tcamgr.c */,
				8C543165129CCB2400B7900A /* tcamttest.c */,
				8C543166129CCB2400B7900A /* tcatest.c */,
				8C543167129CCB2400B7900A /* tcawmgr.c */,
				8C543168129CCB2400B7900A /* tcbdb.c */,
				8C543169129CCB2400B7900A /* tcbdb.h */,
				8C54316A129CCB2400B7900A /* tcbmgr.c */,
				8C54316B129CCB2400B7900A /* tcbmttest.c */,
				8C54316C129CCB2400B7900A /* tcbtest.c */,
				8C54316D129CCB2400B7900A /* tcfdb.c */,
				8C54316E129CCB2400B7900A /* tcfdb.h */,
				8C54316F129CCB2400B7900A /* tcfmgr.c */,
				8C543170129CCB2400B7900A /* tcfmttest.c */,
				8C543171129CCB2400B7900A /* tcftest.c */,
				8C543172129CCB2400B7900A /* tchdb.c */,
				8C543173129CCB2400B7900A /* tchdb.h */,
				8C543174129CCB2400B7900A /* tchmgr.c */,
				8C543175129CCB2400B7900A /* tchmttest.c */,
				8C543176129CCB2400B7900A /* tchtest.c */,
				8C543177129CCB2400B7900A /* tctdb.c */,
				8C543178129CCB2400B7900A /* tctdb.h */,
				8C543179129CCB2400B7900A /* tctmgr.c */,
				8C54317A129CCB2400B7900A /* tctmttest.c */,
				8C54317B129CCB2400B7900A /* tcttest.c */,
				8C54317C129CCB2400B7900A /* tcumttest.c */,
				8C54317D129CCB2400B7900A /* tcutest.c */,
				8C54317E129CCB2400B7900A /* tcutil.c */,
				8C54317F129CCB2400B7900A /* tcutil.h */,
			);
			path = TokyoCabinet;
			sourceTree = "<group>";
		};
		8C543188129CCB2400B7900A /* TSTools */ = {
			isa = PBXGroup;
			children = (
				8C543189129CCB2500B7900A /* NSString+TSTools.h */,
				8C54318A129CCB2500B7900A /* NSString+TSTools.m */,
				8C54318B129CCB2500B7900A /* TSMacros.h */,
				8C54318C129CCB2500B7900A /* TSTools.h */,
			);
			path = TSTools;
			sourceTree = "<group>";
		};
/* End PBXGroup section */

/* Begin PBXHeadersBuildPhase section */
		D2AAC07A0554694100DB518D /* Headers */ = {
			isa = PBXHeadersBuildPhase;
			buildActionMask = 2147483647;
			files = (
				8C54318E129CCB2500B7900A /* md5.h in Headers */,
				8C543190129CCB2500B7900A /* myconf.h in Headers */,
				8C543192129CCB2500B7900A /* tcadb.h in Headers */,
				8C543198129CCB2500B7900A /* tcbdb.h in Headers */,
				8C54319D129CCB2500B7900A /* tcfdb.h in Headers */,
				8C5431A2129CCB2500B7900A /* tchdb.h in Headers */,
				8C5431A7129CCB2500B7900A /* tctdb.h in Headers */,
				8C5431AE129CCB2500B7900A /* tcutil.h in Headers */,
				8C5431AF129CCB2500B7900A /* TSDB.h in Headers */,
				8C5431B1129CCB2500B7900A /* TSDBManager.h in Headers */,
				8C5431B3129CCB2500B7900A /* TSRowFilter.h in Headers */,
				8C5431B5129CCB2500B7900A /* TSRowFilterChain.h in Headers */,
				8C5431B7129CCB2500B7900A /* NSString+TSTools.h in Headers */,
				8C5431B9129CCB2500B7900A /* TSMacros.h in Headers */,
				8C5431BA129CCB2500B7900A /* TSTools.h in Headers */,
				6A282EF812FB21960057E525 /* ZipArchive.h in Headers */,
				6A282EFA12FB21960057E525 /* crypt.h in Headers */,
				6A282EFC12FB21960057E525 /* ioapi.h in Headers */,
				6A282EFE12FB21960057E525 /* mztools.h in Headers */,
				6A282F0012FB21960057E525 /* unzip.h in Headers */,
				6A282F0212FB21960057E525 /* zip.h in Headers */,
				367DB34713876D060041DF70 /* TSDBQuery.h in Headers */,
			);
			runOnlyForDeploymentPostprocessing = 0;
		};
/* End PBXHeadersBuildPhase section */

/* Begin PBXNativeTarget section */
		D2AAC07D0554694100DB518D /* TSDocDBStatic */ = {
			isa = PBXNativeTarget;
			buildConfigurationList = 1DEB921E08733DC00010E9CD /* Build configuration list for PBXNativeTarget "TSDocDBStatic" */;
			buildPhases = (
				D2AAC07A0554694100DB518D /* Headers */,
				D2AAC07B0554694100DB518D /* Sources */,
				D2AAC07C0554694100DB518D /* Frameworks */,
			);
			buildRules = (
			);
			dependencies = (
			);
			name = TSDocDBStatic;
			productName = TSDocDBStatic;
			productReference = D2AAC07E0554694100DB518D /* libTSDocDBStatic.a */;
			productType = "com.apple.product-type.library.static";
		};
/* End PBXNativeTarget section */

/* Begin PBXProject section */
		0867D690FE84028FC02AAC07 /* Project object */ = {
			isa = PBXProject;
			buildConfigurationList = 1DEB922208733DC00010E9CD /* Build configuration list for PBXProject "TSDocDBStatic" */;
			compatibilityVersion = "Xcode 3.1";
			developmentRegion = English;
			hasScannedForEncodings = 1;
			knownRegions = (
				English,
				Japanese,
				French,
				German,
			);
			mainGroup = 0867D691FE84028FC02AAC07 /* TSDocDBStatic */;
			productRefGroup = 034768DFFF38A50411DB9C8B /* Products */;
			projectDirPath = "";
			projectRoot = "";
			targets = (
				D2AAC07D0554694100DB518D /* TSDocDBStatic */,
			);
		};
/* End PBXProject section */

/* Begin PBXSourcesBuildPhase section */
		D2AAC07B0554694100DB518D /* Sources */ = {
			isa = PBXSourcesBuildPhase;
			buildActionMask = 2147483647;
			files = (
				8C54318D129CCB2500B7900A /* md5.c in Sources */,
				8C54318F129CCB2500B7900A /* myconf.c in Sources */,
				8C543191129CCB2500B7900A /* tcadb.c in Sources */,
				8C543193129CCB2500B7900A /* tcamgr.c in Sources */,
				8C543194129CCB2500B7900A /* tcamttest.c in Sources */,
				8C543195129CCB2500B7900A /* tcatest.c in Sources */,
				8C543196129CCB2500B7900A /* tcawmgr.c in Sources */,
				8C543197129CCB2500B7900A /* tcbdb.c in Sources */,
				8C543199129CCB2500B7900A /* tcbmgr.c in Sources */,
				8C54319A129CCB2500B7900A /* tcbmttest.c in Sources */,
				8C54319B129CCB2500B7900A /* tcbtest.c in Sources */,
				8C54319C129CCB2500B7900A /* tcfdb.c in Sources */,
				8C54319E129CCB2500B7900A /* tcfmgr.c in Sources */,
				8C54319F129CCB2500B7900A /* tcfmttest.c in Sources */,
				8C5431A0129CCB2500B7900A /* tcftest.c in Sources */,
				8C5431A1129CCB2500B7900A /* tchdb.c in Sources */,
				8C5431A3129CCB2500B7900A /* tchmgr.c in Sources */,
				8C5431A4129CCB2500B7900A /* tchmttest.c in Sources */,
				8C5431A5129CCB2500B7900A /* tchtest.c in Sources */,
				8C5431A6129CCB2500B7900A /* tctdb.c in Sources */,
				8C5431A8129CCB2500B7900A /* tctmgr.c in Sources */,
				8C5431A9129CCB2500B7900A /* tctmttest.c in Sources */,
				8C5431AA129CCB2500B7900A /* tcttest.c in Sources */,
				8C5431AB129CCB2500B7900A /* tcumttest.c in Sources */,
				8C5431AC129CCB2500B7900A /* tcutest.c in Sources */,
				8C5431AD129CCB2500B7900A /* tcutil.c in Sources */,
				8C5431B0129CCB2500B7900A /* TSDB.m in Sources */,
				8C5431B2129CCB2500B7900A /* TSDBManager.m in Sources */,
				8C5431B4129CCB2500B7900A /* TSRowFilter.m in Sources */,
				8C5431B6129CCB2500B7900A /* TSRowFilterChain.m in Sources */,
				8C5431B8129CCB2500B7900A /* NSString+TSTools.m in Sources */,
				6A282EF912FB21960057E525 /* ZipArchive.mm in Sources */,
				6A282EFB12FB21960057E525 /* ioapi.c in Sources */,
				6A282EFD12FB21960057E525 /* mztools.c in Sources */,
				6A282EFF12FB21960057E525 /* unzip.c in Sources */,
				6A282F0112FB21960057E525 /* zip.c in Sources */,
				367DB34813876D060041DF70 /* TSDBQuery.m in Sources */,
			);
			runOnlyForDeploymentPostprocessing = 0;
		};
/* End PBXSourcesBuildPhase section */

/* Begin XCBuildConfiguration section */
		1DEB921F08733DC00010E9CD /* Debug */ = {
			isa = XCBuildConfiguration;
			buildSettings = {
				ALWAYS_SEARCH_USER_PATHS = NO;
				ARCHS = "$(ARCHS_STANDARD_32_64_BIT)";
				COPY_PHASE_STRIP = NO;
				GCC_DYNAMIC_NO_PIC = NO;
				GCC_ENABLE_FIX_AND_CONTINUE = YES;
				GCC_MODEL_TUNING = G5;
				GCC_OPTIMIZATION_LEVEL = 0;
				GCC_PRECOMPILE_PREFIX_HEADER = YES;
				GCC_PREFIX_HEADER = TSDocDBStatic_Prefix.pch;
				INSTALL_PATH = /usr/local/lib;
				ONLY_ACTIVE_ARCH = NO;
				PRODUCT_NAME = TSDocDBStatic;
			};
			name = Debug;
		};
		1DEB922008733DC00010E9CD /* Release */ = {
			isa = XCBuildConfiguration;
			buildSettings = {
				ALWAYS_SEARCH_USER_PATHS = NO;
				ARCHS = "$(ARCHS_STANDARD_32_64_BIT)";
				DEBUG_INFORMATION_FORMAT = "dwarf-with-dsym";
				GCC_MODEL_TUNING = G5;
				GCC_PRECOMPILE_PREFIX_HEADER = YES;
				GCC_PREFIX_HEADER = TSDocDBStatic_Prefix.pch;
				INSTALL_PATH = /usr/local/lib;
				ONLY_ACTIVE_ARCH = NO;
				PRODUCT_NAME = TSDocDBStatic;
			};
			name = Release;
		};
		1DEB922308733DC00010E9CD /* Debug */ = {
			isa = XCBuildConfiguration;
			buildSettings = {
				ARCHS = "$(ARCHS_STANDARD_32_64_BIT)";
				GCC_C_LANGUAGE_STANDARD = gnu99;
				GCC_OPTIMIZATION_LEVEL = 0;
				GCC_WARN_ABOUT_RETURN_TYPE = YES;
				GCC_WARN_UNUSED_VARIABLE = YES;
				HEADER_SEARCH_PATHS = "./**";
				ONLY_ACTIVE_ARCH = YES;
				PREBINDING = NO;
				SDKROOT = macosx10.6;
				USER_HEADER_SEARCH_PATHS = "";
			};
			name = Debug;
		};
		1DEB922408733DC00010E9CD /* Release */ = {
			isa = XCBuildConfiguration;
			buildSettings = {
				ARCHS = "$(ARCHS_STANDARD_32_64_BIT)";
				GCC_C_LANGUAGE_STANDARD = gnu99;
				GCC_WARN_ABOUT_RETURN_TYPE = YES;
				GCC_WARN_UNUSED_VARIABLE = YES;
				HEADER_SEARCH_PATHS = "./**";
				PREBINDING = NO;
				SDKROOT = macosx10.6;
				USER_HEADER_SEARCH_PATHS = "";
			};
			name = Release;
		};
/* End XCBuildConfiguration section */

/* Begin XCConfigurationList section */
		1DEB921E08733DC00010E9CD /* Build configuration list for PBXNativeTarget "TSDocDBStatic" */ = {
			isa = XCConfigurationList;
			buildConfigurations = (
				1DEB921F08733DC00010E9CD /* Debug */,
				1DEB922008733DC00010E9CD /* Release */,
			);
			defaultConfigurationIsVisible = 0;
			defaultConfigurationName = Release;
		};
		1DEB922208733DC00010E9CD /* Build configuration list for PBXProject "TSDocDBStatic" */ = {
			isa = XCConfigurationList;
			buildConfigurations = (
				1DEB922308733DC00010E9CD /* Debug */,
				1DEB922408733DC00010E9CD /* Release */,
			);
			defaultConfigurationIsVisible = 0;
			defaultConfigurationName = Release;
		};
/* End XCConfigurationList section */
	};
	rootObject = 0867D690FE84028FC02AAC07 /* Project object */;
}
