// !$*UTF8*$!
{
	archiveVersion = 1;
	classes = {
	};
	objectVersion = 46;
	objects = {

/* Begin PBXBuildFile section */
		3606F18F13A8F5D200E45C4F /* TSSearchField.m in Sources */ = {isa = PBXBuildFile; fileRef = 3606F18E13A8F5D200E45C4F /* TSSearchField.m */; };
		3609E19B13ABE0DB00063663 /* UIKit.framework in Frameworks */ = {isa = PBXBuildFile; fileRef = 3609E19A13ABE0DB00063663 /* UIKit.framework */; };
		3609E19C13ABE0DB00063663 /* Foundation.framework in Frameworks */ = {isa = PBXBuildFile; fileRef = 368F1E5313A3B80000835CBD /* Foundation.framework */; };
		3609E19E13ABE0DB00063663 /* CoreGraphics.framework in Frameworks */ = {isa = PBXBuildFile; fileRef = 3609E19D13ABE0DB00063663 /* CoreGraphics.framework */; };
		3609E1A413ABE0DB00063663 /* InfoPlist.strings in Resources */ = {isa = PBXBuildFile; fileRef = 3609E1A213ABE0DB00063663 /* InfoPlist.strings */; };
		3609E1A713ABE0DB00063663 /* main.m in Sources */ = {isa = PBXBuildFile; fileRef = 3609E1A613ABE0DB00063663 /* main.m */; };
		3609E1AA13ABE0DB00063663 /* SampleApp_iOSAppDelegate.m in Sources */ = {isa = PBXBuildFile; fileRef = 3609E1A913ABE0DB00063663 /* SampleApp_iOSAppDelegate.m */; };
		3609E1AE13ABE0DB00063663 /* SampleApp_iOSAppDelegate_iPhone.m in Sources */ = {isa = PBXBuildFile; fileRef = 3609E1AD13ABE0DB00063663 /* SampleApp_iOSAppDelegate_iPhone.m */; };
		3609E1B113ABE0DB00063663 /* MainWindow_iPhone.xib in Resources */ = {isa = PBXBuildFile; fileRef = 3609E1AF13ABE0DB00063663 /* MainWindow_iPhone.xib */; };
		3609E1B513ABE0DB00063663 /* SampleApp_iOSAppDelegate_iPad.m in Sources */ = {isa = PBXBuildFile; fileRef = 3609E1B413ABE0DB00063663 /* SampleApp_iOSAppDelegate_iPad.m */; };
		3609E1B813ABE0DB00063663 /* MainWindow_iPad.xib in Resources */ = {isa = PBXBuildFile; fileRef = 3609E1B613ABE0DB00063663 /* MainWindow_iPad.xib */; };
		3609E1BD13ABE13B00063663 /* cities15000.txt in Resources */ = {isa = PBXBuildFile; fileRef = 368ADD1513A7971D00000A7E /* cities15000.txt */; };
		3609E1BE13ABE14000063663 /* countryInfo.txt in Resources */ = {isa = PBXBuildFile; fileRef = 36DE805013A59F9F00B2CAAC /* countryInfo.txt */; };
		3609E1BF13ABE14A00063663 /* CityDBDelegate.m in Sources */ = {isa = PBXBuildFile; fileRef = 368F205813A52B5900835CBD /* CityDBDelegate.m */; };
		3609E1C213ABE28F00063663 /* NSDate+TSTools.m in Sources */ = {isa = PBXBuildFile; fileRef = 362C9B5513A95EA200FCD8A4 /* NSDate+TSTools.m */; };
		3609E1C313ABE28F00063663 /* NSNull+TSTools.m in Sources */ = {isa = PBXBuildFile; fileRef = 362C9B5713A95EA200FCD8A4 /* NSNull+TSTools.m */; };
		3609E1C413ABE28F00063663 /* NSString+TSTools.m in Sources */ = {isa = PBXBuildFile; fileRef = 362C9B5913A95EA200FCD8A4 /* NSString+TSTools.m */; };
		3609E1C513ABE28F00063663 /* TSFileReader.m in Sources */ = {isa = PBXBuildFile; fileRef = 362C9B5B13A95EA200FCD8A4 /* TSFileReader.m */; };
		3609E1C613ABE2D700063663 /* libTSDocDB.iOS.a in Frameworks */ = {isa = PBXBuildFile; fileRef = 368F1E5213A3B80000835CBD /* libTSDocDB.iOS.a */; };
		3609E1CC13ABE36600063663 /* libz.1.2.3.dylib in Frameworks */ = {isa = PBXBuildFile; fileRef = 3609E1CB13ABE36600063663 /* libz.1.2.3.dylib */; };
		3609E1CE13ABE37B00063663 /* libbz2.1.0.dylib in Frameworks */ = {isa = PBXBuildFile; fileRef = 3609E1CD13ABE37B00063663 /* libbz2.1.0.dylib */; };
		3609E1D213ABE5CF00063663 /* DBImportViewController.m in Sources */ = {isa = PBXBuildFile; fileRef = 3609E1D013ABE5CF00063663 /* DBImportViewController.m */; };
		3609E1D313ABE5CF00063663 /* DBImportViewController.xib in Resources */ = {isa = PBXBuildFile; fileRef = 3609E1D113ABE5CF00063663 /* DBImportViewController.xib */; };
		3609E1D513ABEC2700063663 /* DBImportViewController-iPad.xib in Resources */ = {isa = PBXBuildFile; fileRef = 3609E1D413ABEC2700063663 /* DBImportViewController-iPad.xib */; };
		362243DF13AD57590021AF1C /* CountryTableViewController-iPad.xib in Resources */ = {isa = PBXBuildFile; fileRef = 362243DE13AD57590021AF1C /* CountryTableViewController-iPad.xib */; };
		362C9AF713A95E9200FCD8A4 /* md5.c in Sources */ = {isa = PBXBuildFile; fileRef = 362C9AC713A95E9200FCD8A4 /* md5.c */; };
		362C9AF813A95E9200FCD8A4 /* md5.c in Sources */ = {isa = PBXBuildFile; fileRef = 362C9AC713A95E9200FCD8A4 /* md5.c */; };
		362C9AF913A95E9200FCD8A4 /* md5.h in Headers */ = {isa = PBXBuildFile; fileRef = 362C9AC813A95E9200FCD8A4 /* md5.h */; settings = {ATTRIBUTES = (Public, ); }; };
		362C9AFA13A95E9200FCD8A4 /* md5.h in Headers */ = {isa = PBXBuildFile; fileRef = 362C9AC813A95E9200FCD8A4 /* md5.h */; settings = {ATTRIBUTES = (Public, ); }; };
		362C9AFB13A95E9200FCD8A4 /* myconf.c in Sources */ = {isa = PBXBuildFile; fileRef = 362C9AC913A95E9200FCD8A4 /* myconf.c */; };
		362C9AFC13A95E9200FCD8A4 /* myconf.c in Sources */ = {isa = PBXBuildFile; fileRef = 362C9AC913A95E9200FCD8A4 /* myconf.c */; };
		362C9AFD13A95E9200FCD8A4 /* myconf.h in Headers */ = {isa = PBXBuildFile; fileRef = 362C9ACA13A95E9200FCD8A4 /* myconf.h */; settings = {ATTRIBUTES = (Public, ); }; };
		362C9AFE13A95E9200FCD8A4 /* myconf.h in Headers */ = {isa = PBXBuildFile; fileRef = 362C9ACA13A95E9200FCD8A4 /* myconf.h */; settings = {ATTRIBUTES = (Public, ); }; };
		362C9AFF13A95E9200FCD8A4 /* tcadb.c in Sources */ = {isa = PBXBuildFile; fileRef = 362C9ACB13A95E9200FCD8A4 /* tcadb.c */; };
		362C9B0013A95E9200FCD8A4 /* tcadb.c in Sources */ = {isa = PBXBuildFile; fileRef = 362C9ACB13A95E9200FCD8A4 /* tcadb.c */; };
		362C9B0113A95E9200FCD8A4 /* tcadb.h in Headers */ = {isa = PBXBuildFile; fileRef = 362C9ACC13A95E9200FCD8A4 /* tcadb.h */; settings = {ATTRIBUTES = (Public, ); }; };
		362C9B0213A95E9200FCD8A4 /* tcadb.h in Headers */ = {isa = PBXBuildFile; fileRef = 362C9ACC13A95E9200FCD8A4 /* tcadb.h */; settings = {ATTRIBUTES = (Public, ); }; };
		362C9B0313A95E9200FCD8A4 /* tcamgr.c in Sources */ = {isa = PBXBuildFile; fileRef = 362C9ACD13A95E9200FCD8A4 /* tcamgr.c */; };
		362C9B0413A95E9200FCD8A4 /* tcamgr.c in Sources */ = {isa = PBXBuildFile; fileRef = 362C9ACD13A95E9200FCD8A4 /* tcamgr.c */; };
		362C9B0913A95E9200FCD8A4 /* tcawmgr.c in Sources */ = {isa = PBXBuildFile; fileRef = 362C9AD013A95E9200FCD8A4 /* tcawmgr.c */; };
		362C9B0A13A95E9200FCD8A4 /* tcawmgr.c in Sources */ = {isa = PBXBuildFile; fileRef = 362C9AD013A95E9200FCD8A4 /* tcawmgr.c */; };
		362C9B0B13A95E9200FCD8A4 /* tcbdb.c in Sources */ = {isa = PBXBuildFile; fileRef = 362C9AD113A95E9200FCD8A4 /* tcbdb.c */; };
		362C9B0C13A95E9200FCD8A4 /* tcbdb.c in Sources */ = {isa = PBXBuildFile; fileRef = 362C9AD113A95E9200FCD8A4 /* tcbdb.c */; };
		362C9B0D13A95E9200FCD8A4 /* tcbdb.h in Headers */ = {isa = PBXBuildFile; fileRef = 362C9AD213A95E9200FCD8A4 /* tcbdb.h */; settings = {ATTRIBUTES = (Public, ); }; };
		362C9B0E13A95E9200FCD8A4 /* tcbdb.h in Headers */ = {isa = PBXBuildFile; fileRef = 362C9AD213A95E9200FCD8A4 /* tcbdb.h */; settings = {ATTRIBUTES = (Public, ); }; };
		362C9B0F13A95E9200FCD8A4 /* tcbmgr.c in Sources */ = {isa = PBXBuildFile; fileRef = 362C9AD313A95E9200FCD8A4 /* tcbmgr.c */; };
		362C9B1013A95E9200FCD8A4 /* tcbmgr.c in Sources */ = {isa = PBXBuildFile; fileRef = 362C9AD313A95E9200FCD8A4 /* tcbmgr.c */; };
		362C9B1513A95E9200FCD8A4 /* tcfdb.c in Sources */ = {isa = PBXBuildFile; fileRef = 362C9AD613A95E9200FCD8A4 /* tcfdb.c */; };
		362C9B1613A95E9200FCD8A4 /* tcfdb.c in Sources */ = {isa = PBXBuildFile; fileRef = 362C9AD613A95E9200FCD8A4 /* tcfdb.c */; };
		362C9B1713A95E9200FCD8A4 /* tcfdb.h in Headers */ = {isa = PBXBuildFile; fileRef = 362C9AD713A95E9200FCD8A4 /* tcfdb.h */; settings = {ATTRIBUTES = (Public, ); }; };
		362C9B1813A95E9200FCD8A4 /* tcfdb.h in Headers */ = {isa = PBXBuildFile; fileRef = 362C9AD713A95E9200FCD8A4 /* tcfdb.h */; settings = {ATTRIBUTES = (Public, ); }; };
		362C9B1913A95E9200FCD8A4 /* tcfmgr.c in Sources */ = {isa = PBXBuildFile; fileRef = 362C9AD813A95E9200FCD8A4 /* tcfmgr.c */; };
		362C9B1A13A95E9200FCD8A4 /* tcfmgr.c in Sources */ = {isa = PBXBuildFile; fileRef = 362C9AD813A95E9200FCD8A4 /* tcfmgr.c */; };
		362C9B1F13A95E9200FCD8A4 /* tchdb.c in Sources */ = {isa = PBXBuildFile; fileRef = 362C9ADB13A95E9200FCD8A4 /* tchdb.c */; };
		362C9B2013A95E9200FCD8A4 /* tchdb.c in Sources */ = {isa = PBXBuildFile; fileRef = 362C9ADB13A95E9200FCD8A4 /* tchdb.c */; };
		362C9B2113A95E9200FCD8A4 /* tchdb.h in Headers */ = {isa = PBXBuildFile; fileRef = 362C9ADC13A95E9200FCD8A4 /* tchdb.h */; settings = {ATTRIBUTES = (Public, ); }; };
		362C9B2213A95E9200FCD8A4 /* tchdb.h in Headers */ = {isa = PBXBuildFile; fileRef = 362C9ADC13A95E9200FCD8A4 /* tchdb.h */; settings = {ATTRIBUTES = (Public, ); }; };
		362C9B2313A95E9200FCD8A4 /* tchmgr.c in Sources */ = {isa = PBXBuildFile; fileRef = 362C9ADD13A95E9200FCD8A4 /* tchmgr.c */; };
		362C9B2413A95E9200FCD8A4 /* tchmgr.c in Sources */ = {isa = PBXBuildFile; fileRef = 362C9ADD13A95E9200FCD8A4 /* tchmgr.c */; };
		362C9B2913A95E9200FCD8A4 /* tctdb.c in Sources */ = {isa = PBXBuildFile; fileRef = 362C9AE013A95E9200FCD8A4 /* tctdb.c */; };
		362C9B2A13A95E9200FCD8A4 /* tctdb.c in Sources */ = {isa = PBXBuildFile; fileRef = 362C9AE013A95E9200FCD8A4 /* tctdb.c */; };
		362C9B2B13A95E9200FCD8A4 /* tctdb.h in Headers */ = {isa = PBXBuildFile; fileRef = 362C9AE113A95E9200FCD8A4 /* tctdb.h */; settings = {ATTRIBUTES = (Public, ); }; };
		362C9B2C13A95E9200FCD8A4 /* tctdb.h in Headers */ = {isa = PBXBuildFile; fileRef = 362C9AE113A95E9200FCD8A4 /* tctdb.h */; settings = {ATTRIBUTES = (Public, ); }; };
		362C9B2D13A95E9200FCD8A4 /* tctmgr.c in Sources */ = {isa = PBXBuildFile; fileRef = 362C9AE213A95E9200FCD8A4 /* tctmgr.c */; };
		362C9B2E13A95E9200FCD8A4 /* tctmgr.c in Sources */ = {isa = PBXBuildFile; fileRef = 362C9AE213A95E9200FCD8A4 /* tctmgr.c */; };
		362C9B3913A95E9200FCD8A4 /* tcutil.c in Sources */ = {isa = PBXBuildFile; fileRef = 362C9AE813A95E9200FCD8A4 /* tcutil.c */; };
		362C9B3A13A95E9200FCD8A4 /* tcutil.c in Sources */ = {isa = PBXBuildFile; fileRef = 362C9AE813A95E9200FCD8A4 /* tcutil.c */; };
		362C9B3B13A95E9200FCD8A4 /* tcutil.h in Headers */ = {isa = PBXBuildFile; fileRef = 362C9AE913A95E9200FCD8A4 /* tcutil.h */; settings = {ATTRIBUTES = (Public, ); }; };
		362C9B3C13A95E9200FCD8A4 /* tcutil.h in Headers */ = {isa = PBXBuildFile; fileRef = 362C9AE913A95E9200FCD8A4 /* tcutil.h */; settings = {ATTRIBUTES = (Public, ); }; };
		362C9B3D13A95E9200FCD8A4 /* ZipArchive.h in Headers */ = {isa = PBXBuildFile; fileRef = 362C9AEB13A95E9200FCD8A4 /* ZipArchive.h */; settings = {ATTRIBUTES = (Public, ); }; };
		362C9B3E13A95E9200FCD8A4 /* ZipArchive.h in Headers */ = {isa = PBXBuildFile; fileRef = 362C9AEB13A95E9200FCD8A4 /* ZipArchive.h */; settings = {ATTRIBUTES = (Public, ); }; };
		362C9B3F13A95E9200FCD8A4 /* ZipArchive.mm in Sources */ = {isa = PBXBuildFile; fileRef = 362C9AEC13A95E9200FCD8A4 /* ZipArchive.mm */; };
		362C9B4013A95E9200FCD8A4 /* ZipArchive.mm in Sources */ = {isa = PBXBuildFile; fileRef = 362C9AEC13A95E9200FCD8A4 /* ZipArchive.mm */; };
		362C9B4113A95E9200FCD8A4 /* crypt.h in Headers */ = {isa = PBXBuildFile; fileRef = 362C9AEE13A95E9200FCD8A4 /* crypt.h */; settings = {ATTRIBUTES = (Public, ); }; };
		362C9B4213A95E9200FCD8A4 /* crypt.h in Headers */ = {isa = PBXBuildFile; fileRef = 362C9AEE13A95E9200FCD8A4 /* crypt.h */; settings = {ATTRIBUTES = (Public, ); }; };
		362C9B4313A95E9200FCD8A4 /* ioapi.c in Sources */ = {isa = PBXBuildFile; fileRef = 362C9AEF13A95E9200FCD8A4 /* ioapi.c */; };
		362C9B4413A95E9200FCD8A4 /* ioapi.c in Sources */ = {isa = PBXBuildFile; fileRef = 362C9AEF13A95E9200FCD8A4 /* ioapi.c */; };
		362C9B4513A95E9200FCD8A4 /* ioapi.h in Headers */ = {isa = PBXBuildFile; fileRef = 362C9AF013A95E9200FCD8A4 /* ioapi.h */; settings = {ATTRIBUTES = (Public, ); }; };
		362C9B4613A95E9200FCD8A4 /* ioapi.h in Headers */ = {isa = PBXBuildFile; fileRef = 362C9AF013A95E9200FCD8A4 /* ioapi.h */; settings = {ATTRIBUTES = (Public, ); }; };
		362C9B4713A95E9200FCD8A4 /* mztools.c in Sources */ = {isa = PBXBuildFile; fileRef = 362C9AF113A95E9200FCD8A4 /* mztools.c */; };
		362C9B4813A95E9200FCD8A4 /* mztools.c in Sources */ = {isa = PBXBuildFile; fileRef = 362C9AF113A95E9200FCD8A4 /* mztools.c */; };
		362C9B4913A95E9200FCD8A4 /* mztools.h in Headers */ = {isa = PBXBuildFile; fileRef = 362C9AF213A95E9200FCD8A4 /* mztools.h */; settings = {ATTRIBUTES = (Public, ); }; };
		362C9B4A13A95E9200FCD8A4 /* mztools.h in Headers */ = {isa = PBXBuildFile; fileRef = 362C9AF213A95E9200FCD8A4 /* mztools.h */; settings = {ATTRIBUTES = (Public, ); }; };
		362C9B4B13A95E9200FCD8A4 /* unzip.c in Sources */ = {isa = PBXBuildFile; fileRef = 362C9AF313A95E9200FCD8A4 /* unzip.c */; };
		362C9B4C13A95E9200FCD8A4 /* unzip.c in Sources */ = {isa = PBXBuildFile; fileRef = 362C9AF313A95E9200FCD8A4 /* unzip.c */; };
		362C9B4D13A95E9200FCD8A4 /* unzip.h in Headers */ = {isa = PBXBuildFile; fileRef = 362C9AF413A95E9200FCD8A4 /* unzip.h */; settings = {ATTRIBUTES = (Public, ); }; };
		362C9B4E13A95E9200FCD8A4 /* unzip.h in Headers */ = {isa = PBXBuildFile; fileRef = 362C9AF413A95E9200FCD8A4 /* unzip.h */; settings = {ATTRIBUTES = (Public, ); }; };
		362C9B4F13A95E9200FCD8A4 /* zip.c in Sources */ = {isa = PBXBuildFile; fileRef = 362C9AF513A95E9200FCD8A4 /* zip.c */; };
		362C9B5013A95E9200FCD8A4 /* zip.c in Sources */ = {isa = PBXBuildFile; fileRef = 362C9AF513A95E9200FCD8A4 /* zip.c */; };
		362C9B5113A95E9200FCD8A4 /* zip.h in Headers */ = {isa = PBXBuildFile; fileRef = 362C9AF613A95E9200FCD8A4 /* zip.h */; settings = {ATTRIBUTES = (Public, ); }; };
		362C9B5213A95E9200FCD8A4 /* zip.h in Headers */ = {isa = PBXBuildFile; fileRef = 362C9AF613A95E9200FCD8A4 /* zip.h */; settings = {ATTRIBUTES = (Public, ); }; };
		362C9B5D13A95EA200FCD8A4 /* NSDate+TSTools.h in Headers */ = {isa = PBXBuildFile; fileRef = 362C9B5413A95EA200FCD8A4 /* NSDate+TSTools.h */; settings = {ATTRIBUTES = (); }; };
		362C9B5E13A95EA200FCD8A4 /* NSDate+TSTools.h in Headers */ = {isa = PBXBuildFile; fileRef = 362C9B5413A95EA200FCD8A4 /* NSDate+TSTools.h */; settings = {ATTRIBUTES = (Private, ); }; };
		362C9B5F13A95EA200FCD8A4 /* NSDate+TSTools.m in Sources */ = {isa = PBXBuildFile; fileRef = 362C9B5513A95EA200FCD8A4 /* NSDate+TSTools.m */; };
		362C9B6013A95EA200FCD8A4 /* NSDate+TSTools.m in Sources */ = {isa = PBXBuildFile; fileRef = 362C9B5513A95EA200FCD8A4 /* NSDate+TSTools.m */; };
		362C9B6113A95EA200FCD8A4 /* NSDate+TSTools.m in Sources */ = {isa = PBXBuildFile; fileRef = 362C9B5513A95EA200FCD8A4 /* NSDate+TSTools.m */; };
		362C9B6213A95EA200FCD8A4 /* NSNull+TSTools.h in Headers */ = {isa = PBXBuildFile; fileRef = 362C9B5613A95EA200FCD8A4 /* NSNull+TSTools.h */; settings = {ATTRIBUTES = (); }; };
		362C9B6313A95EA200FCD8A4 /* NSNull+TSTools.h in Headers */ = {isa = PBXBuildFile; fileRef = 362C9B5613A95EA200FCD8A4 /* NSNull+TSTools.h */; settings = {ATTRIBUTES = (Private, ); }; };
		362C9B6413A95EA200FCD8A4 /* NSNull+TSTools.m in Sources */ = {isa = PBXBuildFile; fileRef = 362C9B5713A95EA200FCD8A4 /* NSNull+TSTools.m */; };
		362C9B6513A95EA200FCD8A4 /* NSNull+TSTools.m in Sources */ = {isa = PBXBuildFile; fileRef = 362C9B5713A95EA200FCD8A4 /* NSNull+TSTools.m */; };
		362C9B6613A95EA200FCD8A4 /* NSNull+TSTools.m in Sources */ = {isa = PBXBuildFile; fileRef = 362C9B5713A95EA200FCD8A4 /* NSNull+TSTools.m */; };
		362C9B6713A95EA200FCD8A4 /* NSString+TSTools.h in Headers */ = {isa = PBXBuildFile; fileRef = 362C9B5813A95EA200FCD8A4 /* NSString+TSTools.h */; settings = {ATTRIBUTES = (); }; };
		362C9B6813A95EA200FCD8A4 /* NSString+TSTools.h in Headers */ = {isa = PBXBuildFile; fileRef = 362C9B5813A95EA200FCD8A4 /* NSString+TSTools.h */; settings = {ATTRIBUTES = (Private, ); }; };
		362C9B6913A95EA200FCD8A4 /* NSString+TSTools.m in Sources */ = {isa = PBXBuildFile; fileRef = 362C9B5913A95EA200FCD8A4 /* NSString+TSTools.m */; };
		362C9B6A13A95EA200FCD8A4 /* NSString+TSTools.m in Sources */ = {isa = PBXBuildFile; fileRef = 362C9B5913A95EA200FCD8A4 /* NSString+TSTools.m */; };
		362C9B6B13A95EA200FCD8A4 /* NSString+TSTools.m in Sources */ = {isa = PBXBuildFile; fileRef = 362C9B5913A95EA200FCD8A4 /* NSString+TSTools.m */; };
		362C9B6C13A95EA200FCD8A4 /* TSFileReader.h in Headers */ = {isa = PBXBuildFile; fileRef = 362C9B5A13A95EA200FCD8A4 /* TSFileReader.h */; settings = {ATTRIBUTES = (); }; };
		362C9B6D13A95EA200FCD8A4 /* TSFileReader.h in Headers */ = {isa = PBXBuildFile; fileRef = 362C9B5A13A95EA200FCD8A4 /* TSFileReader.h */; settings = {ATTRIBUTES = (Private, ); }; };
		362C9B6E13A95EA200FCD8A4 /* TSFileReader.m in Sources */ = {isa = PBXBuildFile; fileRef = 362C9B5B13A95EA200FCD8A4 /* TSFileReader.m */; };
		362C9B6F13A95EA200FCD8A4 /* TSFileReader.m in Sources */ = {isa = PBXBuildFile; fileRef = 362C9B5B13A95EA200FCD8A4 /* TSFileReader.m */; };
		362C9B7013A95EA200FCD8A4 /* TSFileReader.m in Sources */ = {isa = PBXBuildFile; fileRef = 362C9B5B13A95EA200FCD8A4 /* TSFileReader.m */; };
		362C9B7113A95EA200FCD8A4 /* TSMacros.h in Headers */ = {isa = PBXBuildFile; fileRef = 362C9B5C13A95EA200FCD8A4 /* TSMacros.h */; settings = {ATTRIBUTES = (); }; };
		362C9B7213A95EA200FCD8A4 /* TSMacros.h in Headers */ = {isa = PBXBuildFile; fileRef = 362C9B5C13A95EA200FCD8A4 /* TSMacros.h */; settings = {ATTRIBUTES = (Private, ); }; };
		365D45C513AC545000ED04E9 /* CountryTableViewController.m in Sources */ = {isa = PBXBuildFile; fileRef = 365D45C313AC545000ED04E9 /* CountryTableViewController.m */; };
		365D45C613AC545000ED04E9 /* CountryTableViewController.xib in Resources */ = {isa = PBXBuildFile; fileRef = 365D45C413AC545000ED04E9 /* CountryTableViewController.xib */; };
		3669458E13A6A60B00B6DF53 /* DBLoadingPane.xib in Resources */ = {isa = PBXBuildFile; fileRef = 3669458D13A6A60B00B6DF53 /* DBLoadingPane.xib */; };
		3669458F13A6A61700B6DF53 /* DBLoadingPane.m in Sources */ = {isa = PBXBuildFile; fileRef = 3669458913A6A5E800B6DF53 /* DBLoadingPane.m */; };
		368ADD1613A7971D00000A7E /* cities15000.txt in Resources */ = {isa = PBXBuildFile; fileRef = 368ADD1513A7971D00000A7E /* cities15000.txt */; };
		368F1E4313A3B7DB00835CBD /* Cocoa.framework in Frameworks */ = {isa = PBXBuildFile; fileRef = 368F1E4213A3B7DB00835CBD /* Cocoa.framework */; };
		368F1E5413A3B80000835CBD /* Foundation.framework in Frameworks */ = {isa = PBXBuildFile; fileRef = 368F1E5313A3B80000835CBD /* Foundation.framework */; };
		368F1E9D13A3B8EE00835CBD /* TSDB.h in Headers */ = {isa = PBXBuildFile; fileRef = 368F1E5C13A3B8EE00835CBD /* TSDB.h */; settings = {ATTRIBUTES = (Public, ); }; };
		368F1E9E13A3B8EE00835CBD /* TSDB.h in Headers */ = {isa = PBXBuildFile; fileRef = 368F1E5C13A3B8EE00835CBD /* TSDB.h */; settings = {ATTRIBUTES = (Public, ); }; };
		368F1E9F13A3B8EE00835CBD /* TSDB.m in Sources */ = {isa = PBXBuildFile; fileRef = 368F1E5D13A3B8EE00835CBD /* TSDB.m */; };
		368F1EA013A3B8EE00835CBD /* TSDB.m in Sources */ = {isa = PBXBuildFile; fileRef = 368F1E5D13A3B8EE00835CBD /* TSDB.m */; };
		368F1EA113A3B8EE00835CBD /* TSDBManager.h in Headers */ = {isa = PBXBuildFile; fileRef = 368F1E5E13A3B8EE00835CBD /* TSDBManager.h */; settings = {ATTRIBUTES = (Public, ); }; };
		368F1EA213A3B8EE00835CBD /* TSDBManager.h in Headers */ = {isa = PBXBuildFile; fileRef = 368F1E5E13A3B8EE00835CBD /* TSDBManager.h */; settings = {ATTRIBUTES = (Public, ); }; };
		368F1EA313A3B8EE00835CBD /* TSDBManager.m in Sources */ = {isa = PBXBuildFile; fileRef = 368F1E5F13A3B8EE00835CBD /* TSDBManager.m */; };
		368F1EA413A3B8EE00835CBD /* TSDBManager.m in Sources */ = {isa = PBXBuildFile; fileRef = 368F1E5F13A3B8EE00835CBD /* TSDBManager.m */; };
		368F1EA513A3B8EE00835CBD /* TSDBQuery.h in Headers */ = {isa = PBXBuildFile; fileRef = 368F1E6013A3B8EE00835CBD /* TSDBQuery.h */; settings = {ATTRIBUTES = (Public, ); }; };
		368F1EA613A3B8EE00835CBD /* TSDBQuery.h in Headers */ = {isa = PBXBuildFile; fileRef = 368F1E6013A3B8EE00835CBD /* TSDBQuery.h */; settings = {ATTRIBUTES = (Public, ); }; };
		368F1EA713A3B8EE00835CBD /* TSDBQuery.m in Sources */ = {isa = PBXBuildFile; fileRef = 368F1E6113A3B8EE00835CBD /* TSDBQuery.m */; };
		368F1EA813A3B8EE00835CBD /* TSDBQuery.m in Sources */ = {isa = PBXBuildFile; fileRef = 368F1E6113A3B8EE00835CBD /* TSDBQuery.m */; };
		368F1EA913A3B8EE00835CBD /* TSRowFilter.h in Headers */ = {isa = PBXBuildFile; fileRef = 368F1E6213A3B8EE00835CBD /* TSRowFilter.h */; settings = {ATTRIBUTES = (Public, ); }; };
		368F1EAA13A3B8EE00835CBD /* TSRowFilter.h in Headers */ = {isa = PBXBuildFile; fileRef = 368F1E6213A3B8EE00835CBD /* TSRowFilter.h */; settings = {ATTRIBUTES = (Public, ); }; };
		368F1EAB13A3B8EE00835CBD /* TSRowFilter.m in Sources */ = {isa = PBXBuildFile; fileRef = 368F1E6313A3B8EE00835CBD /* TSRowFilter.m */; };
		368F1EAC13A3B8EE00835CBD /* TSRowFilter.m in Sources */ = {isa = PBXBuildFile; fileRef = 368F1E6313A3B8EE00835CBD /* TSRowFilter.m */; };
		368F1EAD13A3B8EE00835CBD /* TSRowFilterChain.h in Headers */ = {isa = PBXBuildFile; fileRef = 368F1E6413A3B8EE00835CBD /* TSRowFilterChain.h */; settings = {ATTRIBUTES = (Public, ); }; };
		368F1EAE13A3B8EE00835CBD /* TSRowFilterChain.h in Headers */ = {isa = PBXBuildFile; fileRef = 368F1E6413A3B8EE00835CBD /* TSRowFilterChain.h */; settings = {ATTRIBUTES = (Public, ); }; };
		368F1EAF13A3B8EE00835CBD /* TSRowFilterChain.m in Sources */ = {isa = PBXBuildFile; fileRef = 368F1E6513A3B8EE00835CBD /* TSRowFilterChain.m */; };
		368F1EB013A3B8EE00835CBD /* TSRowFilterChain.m in Sources */ = {isa = PBXBuildFile; fileRef = 368F1E6513A3B8EE00835CBD /* TSRowFilterChain.m */; };
		368F1FD013A4427E00835CBD /* Cocoa.framework in Frameworks */ = {isa = PBXBuildFile; fileRef = 368F1E4213A3B7DB00835CBD /* Cocoa.framework */; };
		368F1FD613A4427F00835CBD /* InfoPlist.strings in Resources */ = {isa = PBXBuildFile; fileRef = 368F1FD413A4427F00835CBD /* InfoPlist.strings */; };
		368F1FD913A4427F00835CBD /* main.m in Sources */ = {isa = PBXBuildFile; fileRef = 368F1FD813A4427F00835CBD /* main.m */; };
		368F1FDC13A4427F00835CBD /* Credits.rtf in Resources */ = {isa = PBXBuildFile; fileRef = 368F1FDA13A4427F00835CBD /* Credits.rtf */; };
		368F1FDF13A4427F00835CBD /* SampleApp_OSXAppDelegate.m in Sources */ = {isa = PBXBuildFile; fileRef = 368F1FDE13A4427F00835CBD /* SampleApp_OSXAppDelegate.m */; };
		368F1FE213A4427F00835CBD /* MainMenu.xib in Resources */ = {isa = PBXBuildFile; fileRef = 368F1FE013A4427F00835CBD /* MainMenu.xib */; };
		369E4F9F13A9584D005F33F3 /* TSDB.markdown in Resources */ = {isa = PBXBuildFile; fileRef = 369E4F9E13A9584D005F33F3 /* TSDB.markdown */; };
		36A6FD2F13A5B36A00DD667D /* CityDBDelegate.m in Sources */ = {isa = PBXBuildFile; fileRef = 368F205813A52B5900835CBD /* CityDBDelegate.m */; };
		36A6FD4A13A5C18F00DD667D /* libbz2.1.0.5.dylib in Frameworks */ = {isa = PBXBuildFile; fileRef = 36A6FD4913A5C18F00DD667D /* libbz2.1.0.5.dylib */; };
		36A6FD4C13A5C19B00DD667D /* libz.1.2.3.dylib in Frameworks */ = {isa = PBXBuildFile; fileRef = 36A6FD4B13A5C19B00DD667D /* libz.1.2.3.dylib */; };
		36A6FD4D13A5C1F100DD667D /* libTSDocDB.OSX.a in Frameworks */ = {isa = PBXBuildFile; fileRef = 368F1E3F13A3B7DA00835CBD /* libTSDocDB.OSX.a */; };
		36AAE13213AED404007C0430 /* CityTableViewController.m in Sources */ = {isa = PBXBuildFile; fileRef = 36AAE13013AED404007C0430 /* CityTableViewController.m */; };
		36AAE13313AED404007C0430 /* CityTableViewController.xib in Resources */ = {isa = PBXBuildFile; fileRef = 36AAE13113AED404007C0430 /* CityTableViewController.xib */; };
		36AAE13513AED42F007C0430 /* CityTableViewController-iPad.xib in Resources */ = {isa = PBXBuildFile; fileRef = 36AAE13413AED42F007C0430 /* CityTableViewController-iPad.xib */; };
		36DE805213A59FC400B2CAAC /* countryInfo.txt in Resources */ = {isa = PBXBuildFile; fileRef = 36DE805013A59F9F00B2CAAC /* countryInfo.txt */; };
		36F9A0551416F9260086EF95 /* JSONKit.h in Headers */ = {isa = PBXBuildFile; fileRef = 36F9A0521416F9260086EF95 /* JSONKit.h */; settings = {ATTRIBUTES = (Public, ); }; };
		36F9A0561416F9260086EF95 /* JSONKit.h in Headers */ = {isa = PBXBuildFile; fileRef = 36F9A0521416F9260086EF95 /* JSONKit.h */; settings = {ATTRIBUTES = (Public, ); }; };
		36F9A0571416F9260086EF95 /* JSONKit.m in Sources */ = {isa = PBXBuildFile; fileRef = 36F9A0531416F9260086EF95 /* JSONKit.m */; };
		36F9A0581416F9260086EF95 /* JSONKit.m in Sources */ = {isa = PBXBuildFile; fileRef = 36F9A0531416F9260086EF95 /* JSONKit.m */; };
/* End PBXBuildFile section */

/* Begin PBXContainerItemProxy section */
		3609E1C013ABE24400063663 /* PBXContainerItemProxy */ = {
			isa = PBXContainerItemProxy;
			containerPortal = 368F1E3413A3B78D00835CBD /* Project object */;
			proxyType = 1;
			remoteGlobalIDString = 368F1E5113A3B80000835CBD;
			remoteInfo = TSDocDB.iOS;
		};
		36A6FD4113A5BEBA00DD667D /* PBXContainerItemProxy */ = {
			isa = PBXContainerItemProxy;
			containerPortal = 368F1E3413A3B78D00835CBD /* Project object */;
			proxyType = 1;
			remoteGlobalIDString = 368F1E3E13A3B7DA00835CBD;
			remoteInfo = TSDocDB.OSX;
		};
/* End PBXContainerItemProxy section */

/* Begin PBXFileReference section */
		3606F18813A8E5F900E45C4F /* README.markdown */ = {isa = PBXFileReference; fileEncoding = 4; lastKnownFileType = text; path = README.markdown; sourceTree = "<group>"; };
		3606F18D13A8F5D200E45C4F /* TSSearchField.h */ = {isa = PBXFileReference; fileEncoding = 4; lastKnownFileType = sourcecode.c.h; path = TSSearchField.h; sourceTree = "<group>"; };
		3606F18E13A8F5D200E45C4F /* TSSearchField.m */ = {isa = PBXFileReference; fileEncoding = 4; lastKnownFileType = sourcecode.c.objc; path = TSSearchField.m; sourceTree = "<group>"; };
		3609E19813ABE0DB00063663 /* SampleApp-iOS.app */ = {isa = PBXFileReference; explicitFileType = wrapper.application; includeInIndex = 0; path = "SampleApp-iOS.app"; sourceTree = BUILT_PRODUCTS_DIR; };
		3609E19A13ABE0DB00063663 /* UIKit.framework */ = {isa = PBXFileReference; lastKnownFileType = wrapper.framework; name = UIKit.framework; path = System/Library/Frameworks/UIKit.framework; sourceTree = SDKROOT; };
		3609E19D13ABE0DB00063663 /* CoreGraphics.framework */ = {isa = PBXFileReference; lastKnownFileType = wrapper.framework; name = CoreGraphics.framework; path = System/Library/Frameworks/CoreGraphics.framework; sourceTree = SDKROOT; };
		3609E1A113ABE0DB00063663 /* SampleApp-iOS-Info.plist */ = {isa = PBXFileReference; lastKnownFileType = text.plist.xml; path = "SampleApp-iOS-Info.plist"; sourceTree = "<group>"; };
		3609E1A313ABE0DB00063663 /* en */ = {isa = PBXFileReference; lastKnownFileType = text.plist.strings; name = en; path = en.lproj/InfoPlist.strings; sourceTree = "<group>"; };
		3609E1A513ABE0DB00063663 /* SampleApp-iOS-Prefix.pch */ = {isa = PBXFileReference; lastKnownFileType = sourcecode.c.h; path = "SampleApp-iOS-Prefix.pch"; sourceTree = "<group>"; };
		3609E1A613ABE0DB00063663 /* main.m */ = {isa = PBXFileReference; lastKnownFileType = sourcecode.c.objc; path = main.m; sourceTree = "<group>"; };
		3609E1A813ABE0DB00063663 /* SampleApp_iOSAppDelegate.h */ = {isa = PBXFileReference; lastKnownFileType = sourcecode.c.h; path = SampleApp_iOSAppDelegate.h; sourceTree = "<group>"; };
		3609E1A913ABE0DB00063663 /* SampleApp_iOSAppDelegate.m */ = {isa = PBXFileReference; lastKnownFileType = sourcecode.c.objc; path = SampleApp_iOSAppDelegate.m; sourceTree = "<group>"; };
		3609E1AC13ABE0DB00063663 /* SampleApp_iOSAppDelegate_iPhone.h */ = {isa = PBXFileReference; lastKnownFileType = sourcecode.c.h; name = SampleApp_iOSAppDelegate_iPhone.h; path = iPhone/SampleApp_iOSAppDelegate_iPhone.h; sourceTree = "<group>"; };
		3609E1AD13ABE0DB00063663 /* SampleApp_iOSAppDelegate_iPhone.m */ = {isa = PBXFileReference; lastKnownFileType = sourcecode.c.objc; name = SampleApp_iOSAppDelegate_iPhone.m; path = iPhone/SampleApp_iOSAppDelegate_iPhone.m; sourceTree = "<group>"; };
		3609E1B013ABE0DB00063663 /* en */ = {isa = PBXFileReference; lastKnownFileType = file.xib; name = en; path = iPhone/en.lproj/MainWindow_iPhone.xib; sourceTree = "<group>"; };
		3609E1B313ABE0DB00063663 /* SampleApp_iOSAppDelegate_iPad.h */ = {isa = PBXFileReference; lastKnownFileType = sourcecode.c.h; name = SampleApp_iOSAppDelegate_iPad.h; path = iPad/SampleApp_iOSAppDelegate_iPad.h; sourceTree = "<group>"; };
		3609E1B413ABE0DB00063663 /* SampleApp_iOSAppDelegate_iPad.m */ = {isa = PBXFileReference; lastKnownFileType = sourcecode.c.objc; name = SampleApp_iOSAppDelegate_iPad.m; path = iPad/SampleApp_iOSAppDelegate_iPad.m; sourceTree = "<group>"; };
		3609E1B713ABE0DB00063663 /* en */ = {isa = PBXFileReference; lastKnownFileType = file.xib; name = en; path = iPad/en.lproj/MainWindow_iPad.xib; sourceTree = "<group>"; };
		3609E1CB13ABE36600063663 /* libz.1.2.3.dylib */ = {isa = PBXFileReference; lastKnownFileType = "compiled.mach-o.dylib"; name = libz.1.2.3.dylib; path = Platforms/iPhoneOS.platform/Developer/SDKs/iPhoneOS4.3.sdk/usr/lib/libz.1.2.3.dylib; sourceTree = DEVELOPER_DIR; };
		3609E1CD13ABE37B00063663 /* libbz2.1.0.dylib */ = {isa = PBXFileReference; lastKnownFileType = "compiled.mach-o.dylib"; name = libbz2.1.0.dylib; path = Platforms/iPhoneOS.platform/Developer/SDKs/iPhoneOS4.3.sdk/usr/lib/libbz2.1.0.dylib; sourceTree = DEVELOPER_DIR; };
		3609E1CF13ABE5CF00063663 /* DBImportViewController.h */ = {isa = PBXFileReference; fileEncoding = 4; lastKnownFileType = sourcecode.c.h; path = DBImportViewController.h; sourceTree = "<group>"; };
		3609E1D013ABE5CF00063663 /* DBImportViewController.m */ = {isa = PBXFileReference; fileEncoding = 4; lastKnownFileType = sourcecode.c.objc; path = DBImportViewController.m; sourceTree = "<group>"; };
		3609E1D113ABE5CF00063663 /* DBImportViewController.xib */ = {isa = PBXFileReference; fileEncoding = 4; lastKnownFileType = file.xib; path = DBImportViewController.xib; sourceTree = "<group>"; };
		3609E1D413ABEC2700063663 /* DBImportViewController-iPad.xib */ = {isa = PBXFileReference; fileEncoding = 4; lastKnownFileType = file.xib; path = "DBImportViewController-iPad.xib"; sourceTree = "<group>"; };
		362243DE13AD57590021AF1C /* CountryTableViewController-iPad.xib */ = {isa = PBXFileReference; fileEncoding = 4; lastKnownFileType = file.xib; path = "CountryTableViewController-iPad.xib"; sourceTree = "<group>"; };
		3628738A13B81F490043DCBB /* capProject.png */ = {isa = PBXFileReference; lastKnownFileType = image.png; path = capProject.png; sourceTree = "<group>"; };
		3628738B13B81F490043DCBB /* capTarget.png */ = {isa = PBXFileReference; lastKnownFileType = image.png; path = capTarget.png; sourceTree = "<group>"; };
		362C9AC613A95E9200FCD8A4 /* ChangeLog */ = {isa = PBXFileReference; fileEncoding = 4; lastKnownFileType = text; path = ChangeLog; sourceTree = "<group>"; };
		362C9AC713A95E9200FCD8A4 /* md5.c */ = {isa = PBXFileReference; fileEncoding = 4; lastKnownFileType = sourcecode.c.c; path = md5.c; sourceTree = "<group>"; };
		362C9AC813A95E9200FCD8A4 /* md5.h */ = {isa = PBXFileReference; fileEncoding = 4; lastKnownFileType = sourcecode.c.h; path = md5.h; sourceTree = "<group>"; };
		362C9AC913A95E9200FCD8A4 /* myconf.c */ = {isa = PBXFileReference; fileEncoding = 4; lastKnownFileType = sourcecode.c.c; path = myconf.c; sourceTree = "<group>"; };
		362C9ACA13A95E9200FCD8A4 /* myconf.h */ = {isa = PBXFileReference; fileEncoding = 4; lastKnownFileType = sourcecode.c.h; path = myconf.h; sourceTree = "<group>"; };
		362C9ACB13A95E9200FCD8A4 /* tcadb.c */ = {isa = PBXFileReference; fileEncoding = 4; lastKnownFileType = sourcecode.c.c; path = tcadb.c; sourceTree = "<group>"; };
		362C9ACC13A95E9200FCD8A4 /* tcadb.h */ = {isa = PBXFileReference; fileEncoding = 4; lastKnownFileType = sourcecode.c.h; path = tcadb.h; sourceTree = "<group>"; };
		362C9ACD13A95E9200FCD8A4 /* tcamgr.c */ = {isa = PBXFileReference; fileEncoding = 4; lastKnownFileType = sourcecode.c.c; path = tcamgr.c; sourceTree = "<group>"; };
		362C9AD013A95E9200FCD8A4 /* tcawmgr.c */ = {isa = PBXFileReference; fileEncoding = 4; lastKnownFileType = sourcecode.c.c; path = tcawmgr.c; sourceTree = "<group>"; };
		362C9AD113A95E9200FCD8A4 /* tcbdb.c */ = {isa = PBXFileReference; fileEncoding = 4; lastKnownFileType = sourcecode.c.c; path = tcbdb.c; sourceTree = "<group>"; };
		362C9AD213A95E9200FCD8A4 /* tcbdb.h */ = {isa = PBXFileReference; fileEncoding = 4; lastKnownFileType = sourcecode.c.h; path = tcbdb.h; sourceTree = "<group>"; };
		362C9AD313A95E9200FCD8A4 /* tcbmgr.c */ = {isa = PBXFileReference; fileEncoding = 4; lastKnownFileType = sourcecode.c.c; path = tcbmgr.c; sourceTree = "<group>"; };
		362C9AD613A95E9200FCD8A4 /* tcfdb.c */ = {isa = PBXFileReference; fileEncoding = 4; lastKnownFileType = sourcecode.c.c; path = tcfdb.c; sourceTree = "<group>"; };
		362C9AD713A95E9200FCD8A4 /* tcfdb.h */ = {isa = PBXFileReference; fileEncoding = 4; lastKnownFileType = sourcecode.c.h; path = tcfdb.h; sourceTree = "<group>"; };
		362C9AD813A95E9200FCD8A4 /* tcfmgr.c */ = {isa = PBXFileReference; fileEncoding = 4; lastKnownFileType = sourcecode.c.c; path = tcfmgr.c; sourceTree = "<group>"; };
		362C9ADB13A95E9200FCD8A4 /* tchdb.c */ = {isa = PBXFileReference; fileEncoding = 4; lastKnownFileType = sourcecode.c.c; path = tchdb.c; sourceTree = "<group>"; };
		362C9ADC13A95E9200FCD8A4 /* tchdb.h */ = {isa = PBXFileReference; fileEncoding = 4; lastKnownFileType = sourcecode.c.h; path = tchdb.h; sourceTree = "<group>"; };
		362C9ADD13A95E9200FCD8A4 /* tchmgr.c */ = {isa = PBXFileReference; fileEncoding = 4; lastKnownFileType = sourcecode.c.c; path = tchmgr.c; sourceTree = "<group>"; };
		362C9AE013A95E9200FCD8A4 /* tctdb.c */ = {isa = PBXFileReference; fileEncoding = 4; lastKnownFileType = sourcecode.c.c; path = tctdb.c; sourceTree = "<group>"; };
		362C9AE113A95E9200FCD8A4 /* tctdb.h */ = {isa = PBXFileReference; fileEncoding = 4; lastKnownFileType = sourcecode.c.h; path = tctdb.h; sourceTree = "<group>"; };
		362C9AE213A95E9200FCD8A4 /* tctmgr.c */ = {isa = PBXFileReference; fileEncoding = 4; lastKnownFileType = sourcecode.c.c; path = tctmgr.c; sourceTree = "<group>"; };
		362C9AE813A95E9200FCD8A4 /* tcutil.c */ = {isa = PBXFileReference; fileEncoding = 4; lastKnownFileType = sourcecode.c.c; path = tcutil.c; sourceTree = "<group>"; };
		362C9AE913A95E9200FCD8A4 /* tcutil.h */ = {isa = PBXFileReference; fileEncoding = 4; lastKnownFileType = sourcecode.c.h; path = tcutil.h; sourceTree = "<group>"; };
		362C9AEB13A95E9200FCD8A4 /* ZipArchive.h */ = {isa = PBXFileReference; fileEncoding = 4; lastKnownFileType = sourcecode.c.h; path = ZipArchive.h; sourceTree = "<group>"; };
		362C9AEC13A95E9200FCD8A4 /* ZipArchive.mm */ = {isa = PBXFileReference; fileEncoding = 4; lastKnownFileType = sourcecode.cpp.objcpp; path = ZipArchive.mm; sourceTree = "<group>"; };
		362C9AEE13A95E9200FCD8A4 /* crypt.h */ = {isa = PBXFileReference; fileEncoding = 4; lastKnownFileType = sourcecode.c.h; path = crypt.h; sourceTree = "<group>"; };
		362C9AEF13A95E9200FCD8A4 /* ioapi.c */ = {isa = PBXFileReference; fileEncoding = 4; lastKnownFileType = sourcecode.c.c; path = ioapi.c; sourceTree = "<group>"; };
		362C9AF013A95E9200FCD8A4 /* ioapi.h */ = {isa = PBXFileReference; fileEncoding = 4; lastKnownFileType = sourcecode.c.h; path = ioapi.h; sourceTree = "<group>"; };
		362C9AF113A95E9200FCD8A4 /* mztools.c */ = {isa = PBXFileReference; fileEncoding = 4; lastKnownFileType = sourcecode.c.c; path = mztools.c; sourceTree = "<group>"; };
		362C9AF213A95E9200FCD8A4 /* mztools.h */ = {isa = PBXFileReference; fileEncoding = 4; lastKnownFileType = sourcecode.c.h; path = mztools.h; sourceTree = "<group>"; };
		362C9AF313A95E9200FCD8A4 /* unzip.c */ = {isa = PBXFileReference; fileEncoding = 4; lastKnownFileType = sourcecode.c.c; path = unzip.c; sourceTree = "<group>"; };
		362C9AF413A95E9200FCD8A4 /* unzip.h */ = {isa = PBXFileReference; fileEncoding = 4; lastKnownFileType = sourcecode.c.h; path = unzip.h; sourceTree = "<group>"; };
		362C9AF513A95E9200FCD8A4 /* zip.c */ = {isa = PBXFileReference; fileEncoding = 4; lastKnownFileType = sourcecode.c.c; path = zip.c; sourceTree = "<group>"; };
		362C9AF613A95E9200FCD8A4 /* zip.h */ = {isa = PBXFileReference; fileEncoding = 4; lastKnownFileType = sourcecode.c.h; path = zip.h; sourceTree = "<group>"; };
		362C9B5413A95EA200FCD8A4 /* NSDate+TSTools.h */ = {isa = PBXFileReference; fileEncoding = 4; lastKnownFileType = sourcecode.c.h; path = "NSDate+TSTools.h"; sourceTree = "<group>"; };
		362C9B5513A95EA200FCD8A4 /* NSDate+TSTools.m */ = {isa = PBXFileReference; fileEncoding = 4; lastKnownFileType = sourcecode.c.objc; path = "NSDate+TSTools.m"; sourceTree = "<group>"; };
		362C9B5613A95EA200FCD8A4 /* NSNull+TSTools.h */ = {isa = PBXFileReference; fileEncoding = 4; lastKnownFileType = sourcecode.c.h; path = "NSNull+TSTools.h"; sourceTree = "<group>"; };
		362C9B5713A95EA200FCD8A4 /* NSNull+TSTools.m */ = {isa = PBXFileReference; fileEncoding = 4; lastKnownFileType = sourcecode.c.objc; path = "NSNull+TSTools.m"; sourceTree = "<group>"; };
		362C9B5813A95EA200FCD8A4 /* NSString+TSTools.h */ = {isa = PBXFileReference; fileEncoding = 4; lastKnownFileType = sourcecode.c.h; path = "NSString+TSTools.h"; sourceTree = "<group>"; };
		362C9B5913A95EA200FCD8A4 /* NSString+TSTools.m */ = {isa = PBXFileReference; fileEncoding = 4; lastKnownFileType = sourcecode.c.objc; path = "NSString+TSTools.m"; sourceTree = "<group>"; };
		362C9B5A13A95EA200FCD8A4 /* TSFileReader.h */ = {isa = PBXFileReference; fileEncoding = 4; lastKnownFileType = sourcecode.c.h; path = TSFileReader.h; sourceTree = "<group>"; };
		362C9B5B13A95EA200FCD8A4 /* TSFileReader.m */ = {isa = PBXFileReference; fileEncoding = 4; lastKnownFileType = sourcecode.c.objc; path = TSFileReader.m; sourceTree = "<group>"; };
		362C9B5C13A95EA200FCD8A4 /* TSMacros.h */ = {isa = PBXFileReference; fileEncoding = 4; lastKnownFileType = sourcecode.c.h; path = TSMacros.h; sourceTree = "<group>"; };
		365D45C213AC545000ED04E9 /* CountryTableViewController.h */ = {isa = PBXFileReference; fileEncoding = 4; lastKnownFileType = sourcecode.c.h; path = CountryTableViewController.h; sourceTree = "<group>"; };
		365D45C313AC545000ED04E9 /* CountryTableViewController.m */ = {isa = PBXFileReference; fileEncoding = 4; lastKnownFileType = sourcecode.c.objc; path = CountryTableViewController.m; sourceTree = "<group>"; };
		365D45C413AC545000ED04E9 /* CountryTableViewController.xib */ = {isa = PBXFileReference; fileEncoding = 4; lastKnownFileType = file.xib; path = CountryTableViewController.xib; sourceTree = "<group>"; };
		3669458813A6A5E800B6DF53 /* DBLoadingPane.h */ = {isa = PBXFileReference; fileEncoding = 4; lastKnownFileType = sourcecode.c.h; path = DBLoadingPane.h; sourceTree = "<group>"; };
		3669458913A6A5E800B6DF53 /* DBLoadingPane.m */ = {isa = PBXFileReference; fileEncoding = 4; lastKnownFileType = sourcecode.c.objc; path = DBLoadingPane.m; sourceTree = "<group>"; };
		3669458D13A6A60B00B6DF53 /* DBLoadingPane.xib */ = {isa = PBXFileReference; fileEncoding = 4; lastKnownFileType = file.xib; path = DBLoadingPane.xib; sourceTree = "<group>"; };
		368ADD1513A7971D00000A7E /* cities15000.txt */ = {isa = PBXFileReference; fileEncoding = 4; lastKnownFileType = text; path = cities15000.txt; sourceTree = "<group>"; };
		368F1E3F13A3B7DA00835CBD /* libTSDocDB.OSX.a */ = {isa = PBXFileReference; explicitFileType = archive.ar; includeInIndex = 0; path = libTSDocDB.OSX.a; sourceTree = BUILT_PRODUCTS_DIR; };
		368F1E4213A3B7DB00835CBD /* Cocoa.framework */ = {isa = PBXFileReference; lastKnownFileType = wrapper.framework; name = Cocoa.framework; path = System/Library/Frameworks/Cocoa.framework; sourceTree = SDKROOT; };
		368F1E4513A3B7DB00835CBD /* AppKit.framework */ = {isa = PBXFileReference; lastKnownFileType = wrapper.framework; name = AppKit.framework; path = System/Library/Frameworks/AppKit.framework; sourceTree = SDKROOT; };
		368F1E4613A3B7DB00835CBD /* CoreData.framework */ = {isa = PBXFileReference; lastKnownFileType = wrapper.framework; name = CoreData.framework; path = System/Library/Frameworks/CoreData.framework; sourceTree = SDKROOT; };
		368F1E4713A3B7DB00835CBD /* Foundation.framework */ = {isa = PBXFileReference; lastKnownFileType = wrapper.framework; name = Foundation.framework; path = System/Library/Frameworks/Foundation.framework; sourceTree = SDKROOT; };
		368F1E4A13A3B7DB00835CBD /* TSDocDB.OSX-Prefix.pch */ = {isa = PBXFileReference; lastKnownFileType = sourcecode.c.h; path = "TSDocDB.OSX-Prefix.pch"; sourceTree = "<group>"; };
		368F1E5213A3B80000835CBD /* libTSDocDB.iOS.a */ = {isa = PBXFileReference; explicitFileType = archive.ar; includeInIndex = 0; path = libTSDocDB.iOS.a; sourceTree = BUILT_PRODUCTS_DIR; };
		368F1E5313A3B80000835CBD /* Foundation.framework */ = {isa = PBXFileReference; lastKnownFileType = wrapper.framework; name = Foundation.framework; path = System/Library/Frameworks/Foundation.framework; sourceTree = SDKROOT; };
		368F1E5713A3B80000835CBD /* TSDocDB.iOS-Prefix.pch */ = {isa = PBXFileReference; lastKnownFileType = sourcecode.c.h; path = "TSDocDB.iOS-Prefix.pch"; sourceTree = "<group>"; };
		368F1E5C13A3B8EE00835CBD /* TSDB.h */ = {isa = PBXFileReference; fileEncoding = 4; lastKnownFileType = sourcecode.c.h; path = TSDB.h; sourceTree = "<group>"; };
		368F1E5D13A3B8EE00835CBD /* TSDB.m */ = {isa = PBXFileReference; fileEncoding = 4; lastKnownFileType = sourcecode.c.objc; path = TSDB.m; sourceTree = "<group>"; };
		368F1E5E13A3B8EE00835CBD /* TSDBManager.h */ = {isa = PBXFileReference; fileEncoding = 4; lastKnownFileType = sourcecode.c.h; path = TSDBManager.h; sourceTree = "<group>"; };
		368F1E5F13A3B8EE00835CBD /* TSDBManager.m */ = {isa = PBXFileReference; fileEncoding = 4; lastKnownFileType = sourcecode.c.objc; path = TSDBManager.m; sourceTree = "<group>"; };
		368F1E6013A3B8EE00835CBD /* TSDBQuery.h */ = {isa = PBXFileReference; fileEncoding = 4; lastKnownFileType = sourcecode.c.h; path = TSDBQuery.h; sourceTree = "<group>"; };
		368F1E6113A3B8EE00835CBD /* TSDBQuery.m */ = {isa = PBXFileReference; fileEncoding = 4; lastKnownFileType = sourcecode.c.objc; path = TSDBQuery.m; sourceTree = "<group>"; };
		368F1E6213A3B8EE00835CBD /* TSRowFilter.h */ = {isa = PBXFileReference; fileEncoding = 4; lastKnownFileType = sourcecode.c.h; path = TSRowFilter.h; sourceTree = "<group>"; };
		368F1E6313A3B8EE00835CBD /* TSRowFilter.m */ = {isa = PBXFileReference; fileEncoding = 4; lastKnownFileType = sourcecode.c.objc; path = TSRowFilter.m; sourceTree = "<group>"; };
		368F1E6413A3B8EE00835CBD /* TSRowFilterChain.h */ = {isa = PBXFileReference; fileEncoding = 4; lastKnownFileType = sourcecode.c.h; path = TSRowFilterChain.h; sourceTree = "<group>"; };
		368F1E6513A3B8EE00835CBD /* TSRowFilterChain.m */ = {isa = PBXFileReference; fileEncoding = 4; lastKnownFileType = sourcecode.c.objc; path = TSRowFilterChain.m; sourceTree = "<group>"; };
		368F1FCE13A4427E00835CBD /* SampleApp.OSX.app */ = {isa = PBXFileReference; explicitFileType = wrapper.application; includeInIndex = 0; path = SampleApp.OSX.app; sourceTree = BUILT_PRODUCTS_DIR; };
		368F1FD313A4427F00835CBD /* SampleApp.OSX-Info.plist */ = {isa = PBXFileReference; lastKnownFileType = text.plist.xml; path = "SampleApp.OSX-Info.plist"; sourceTree = "<group>"; };
		368F1FD513A4427F00835CBD /* en */ = {isa = PBXFileReference; lastKnownFileType = text.plist.strings; name = en; path = en.lproj/InfoPlist.strings; sourceTree = "<group>"; };
		368F1FD713A4427F00835CBD /* SampleApp.OSX-Prefix.pch */ = {isa = PBXFileReference; lastKnownFileType = sourcecode.c.h; path = "SampleApp.OSX-Prefix.pch"; sourceTree = "<group>"; };
		368F1FD813A4427F00835CBD /* main.m */ = {isa = PBXFileReference; lastKnownFileType = sourcecode.c.objc; path = main.m; sourceTree = "<group>"; };
		368F1FDB13A4427F00835CBD /* en */ = {isa = PBXFileReference; lastKnownFileType = text.rtf; name = en; path = en.lproj/Credits.rtf; sourceTree = "<group>"; };
		368F1FDD13A4427F00835CBD /* SampleApp_OSXAppDelegate.h */ = {isa = PBXFileReference; lastKnownFileType = sourcecode.c.h; path = SampleApp_OSXAppDelegate.h; sourceTree = "<group>"; };
		368F1FDE13A4427F00835CBD /* SampleApp_OSXAppDelegate.m */ = {isa = PBXFileReference; lastKnownFileType = sourcecode.c.objc; path = SampleApp_OSXAppDelegate.m; sourceTree = "<group>"; };
		368F1FE113A4427F00835CBD /* en */ = {isa = PBXFileReference; lastKnownFileType = file.xib; name = en; path = en.lproj/MainMenu.xib; sourceTree = "<group>"; };
		368F205713A52B5900835CBD /* CityDBDelegate.h */ = {isa = PBXFileReference; fileEncoding = 4; lastKnownFileType = sourcecode.c.h; path = CityDBDelegate.h; sourceTree = "<group>"; };
		368F205813A52B5900835CBD /* CityDBDelegate.m */ = {isa = PBXFileReference; fileEncoding = 4; lastKnownFileType = sourcecode.c.objc; path = CityDBDelegate.m; sourceTree = "<group>"; };
		369E4F9E13A9584D005F33F3 /* TSDB.markdown */ = {isa = PBXFileReference; fileEncoding = 4; lastKnownFileType = text; path = TSDB.markdown; sourceTree = "<group>"; };
		36A6FD4913A5C18F00DD667D /* libbz2.1.0.5.dylib */ = {isa = PBXFileReference; lastKnownFileType = "compiled.mach-o.dylib"; name = libbz2.1.0.5.dylib; path = SDKs/MacOSX10.6.sdk/usr/lib/libbz2.1.0.5.dylib; sourceTree = DEVELOPER_DIR; };
		36A6FD4B13A5C19B00DD667D /* libz.1.2.3.dylib */ = {isa = PBXFileReference; lastKnownFileType = "compiled.mach-o.dylib"; name = libz.1.2.3.dylib; path = SDKs/MacOSX10.6.sdk/usr/lib/libz.1.2.3.dylib; sourceTree = DEVELOPER_DIR; };
		36AA2B6213A903F200A48277 /* COPYING */ = {isa = PBXFileReference; fileEncoding = 4; lastKnownFileType = text; path = COPYING; sourceTree = "<group>"; };
		36AAE12F13AED404007C0430 /* CityTableViewController.h */ = {isa = PBXFileReference; fileEncoding = 4; lastKnownFileType = sourcecode.c.h; path = CityTableViewController.h; sourceTree = "<group>"; };
		36AAE13013AED404007C0430 /* CityTableViewController.m */ = {isa = PBXFileReference; fileEncoding = 4; lastKnownFileType = sourcecode.c.objc; path = CityTableViewController.m; sourceTree = "<group>"; };
		36AAE13113AED404007C0430 /* CityTableViewController.xib */ = {isa = PBXFileReference; fileEncoding = 4; lastKnownFileType = file.xib; path = CityTableViewController.xib; sourceTree = "<group>"; };
		36AAE13413AED42F007C0430 /* CityTableViewController-iPad.xib */ = {isa = PBXFileReference; fileEncoding = 4; lastKnownFileType = file.xib; path = "CityTableViewController-iPad.xib"; sourceTree = "<group>"; };
		36DE805013A59F9F00B2CAAC /* countryInfo.txt */ = {isa = PBXFileReference; fileEncoding = 4; lastKnownFileType = text; path = countryInfo.txt; sourceTree = "<group>"; };
		36F9A0511416F9260086EF95 /* CHANGELOG.md */ = {isa = PBXFileReference; fileEncoding = 4; lastKnownFileType = text; path = CHANGELOG.md; sourceTree = "<group>"; };
		36F9A0521416F9260086EF95 /* JSONKit.h */ = {isa = PBXFileReference; fileEncoding = 4; lastKnownFileType = sourcecode.c.h; path = JSONKit.h; sourceTree = "<group>"; };
		36F9A0531416F9260086EF95 /* JSONKit.m */ = {isa = PBXFileReference; fileEncoding = 4; lastKnownFileType = sourcecode.c.objc; path = JSONKit.m; sourceTree = "<group>"; };
		36F9A0541416F9260086EF95 /* README.md */ = {isa = PBXFileReference; fileEncoding = 4; lastKnownFileType = text; path = README.md; sourceTree = "<group>"; };
/* End PBXFileReference section */

/* Begin PBXFrameworksBuildPhase section */
		3609E19513ABE0DB00063663 /* Frameworks */ = {
			isa = PBXFrameworksBuildPhase;
			buildActionMask = 2147483647;
			files = (
				3609E1CE13ABE37B00063663 /* libbz2.1.0.dylib in Frameworks */,
				3609E1CC13ABE36600063663 /* libz.1.2.3.dylib in Frameworks */,
				3609E1C613ABE2D700063663 /* libTSDocDB.iOS.a in Frameworks */,
				3609E19B13ABE0DB00063663 /* UIKit.framework in Frameworks */,
				3609E19C13ABE0DB00063663 /* Foundation.framework in Frameworks */,
				3609E19E13ABE0DB00063663 /* CoreGraphics.framework in Frameworks */,
			);
			runOnlyForDeploymentPostprocessing = 0;
		};
		368F1E3C13A3B7DA00835CBD /* Frameworks */ = {
			isa = PBXFrameworksBuildPhase;
			buildActionMask = 2147483647;
			files = (
				368F1E4313A3B7DB00835CBD /* Cocoa.framework in Frameworks */,
			);
			runOnlyForDeploymentPostprocessing = 0;
		};
		368F1E4F13A3B80000835CBD /* Frameworks */ = {
			isa = PBXFrameworksBuildPhase;
			buildActionMask = 2147483647;
			files = (
				368F1E5413A3B80000835CBD /* Foundation.framework in Frameworks */,
			);
			runOnlyForDeploymentPostprocessing = 0;
		};
		368F1FCB13A4427E00835CBD /* Frameworks */ = {
			isa = PBXFrameworksBuildPhase;
			buildActionMask = 2147483647;
			files = (
				36A6FD4D13A5C1F100DD667D /* libTSDocDB.OSX.a in Frameworks */,
				36A6FD4C13A5C19B00DD667D /* libz.1.2.3.dylib in Frameworks */,
				36A6FD4A13A5C18F00DD667D /* libbz2.1.0.5.dylib in Frameworks */,
				368F1FD013A4427E00835CBD /* Cocoa.framework in Frameworks */,
			);
			runOnlyForDeploymentPostprocessing = 0;
		};
/* End PBXFrameworksBuildPhase section */

/* Begin PBXGroup section */
		3609E19F13ABE0DB00063663 /* SampleApp-iOS */ = {
			isa = PBXGroup;
			children = (
				36AAE12C13AED365007C0430 /* Views */,
				3609E1A813ABE0DB00063663 /* SampleApp_iOSAppDelegate.h */,
				3609E1A913ABE0DB00063663 /* SampleApp_iOSAppDelegate.m */,
				3609E1AB13ABE0DB00063663 /* iPhone */,
				3609E1B213ABE0DB00063663 /* iPad */,
				3609E1A013ABE0DB00063663 /* Supporting Files */,
			);
			path = "SampleApp-iOS";
			sourceTree = "<group>";
		};
		3609E1A013ABE0DB00063663 /* Supporting Files */ = {
			isa = PBXGroup;
			children = (
				3609E1A113ABE0DB00063663 /* SampleApp-iOS-Info.plist */,
				3609E1A213ABE0DB00063663 /* InfoPlist.strings */,
				3609E1A513ABE0DB00063663 /* SampleApp-iOS-Prefix.pch */,
				3609E1A613ABE0DB00063663 /* main.m */,
			);
			name = "Supporting Files";
			sourceTree = "<group>";
		};
		3609E1AB13ABE0DB00063663 /* iPhone */ = {
			isa = PBXGroup;
			children = (
				3609E1AC13ABE0DB00063663 /* SampleApp_iOSAppDelegate_iPhone.h */,
				3609E1AD13ABE0DB00063663 /* SampleApp_iOSAppDelegate_iPhone.m */,
				3609E1AF13ABE0DB00063663 /* MainWindow_iPhone.xib */,
			);
			name = iPhone;
			sourceTree = "<group>";
		};
		3609E1B213ABE0DB00063663 /* iPad */ = {
			isa = PBXGroup;
			children = (
				3609E1B313ABE0DB00063663 /* SampleApp_iOSAppDelegate_iPad.h */,
				3609E1B413ABE0DB00063663 /* SampleApp_iOSAppDelegate_iPad.m */,
				3609E1B613ABE0DB00063663 /* MainWindow_iPad.xib */,
			);
			name = iPad;
			sourceTree = "<group>";
		};
		362243D613AD32200021AF1C /* DBImportViewController */ = {
			isa = PBXGroup;
			children = (
				3609E1CF13ABE5CF00063663 /* DBImportViewController.h */,
				3609E1D013ABE5CF00063663 /* DBImportViewController.m */,
				3609E1D113ABE5CF00063663 /* DBImportViewController.xib */,
				3609E1D413ABEC2700063663 /* DBImportViewController-iPad.xib */,
			);
			name = DBImportViewController;
			sourceTree = "<group>";
		};
		362243D813AD3FC80021AF1C /* CountryTableViewController */ = {
			isa = PBXGroup;
			children = (
				365D45C213AC545000ED04E9 /* CountryTableViewController.h */,
				365D45C313AC545000ED04E9 /* CountryTableViewController.m */,
				365D45C413AC545000ED04E9 /* CountryTableViewController.xib */,
				362243DE13AD57590021AF1C /* CountryTableViewController-iPad.xib */,
			);
			name = CountryTableViewController;
			sourceTree = "<group>";
		};
		362C9AC513A95E9200FCD8A4 /* TokyoCabinet */ = {
			isa = PBXGroup;
			children = (
				362C9AC613A95E9200FCD8A4 /* ChangeLog */,
				362C9AC713A95E9200FCD8A4 /* md5.c */,
				362C9AC813A95E9200FCD8A4 /* md5.h */,
				362C9AC913A95E9200FCD8A4 /* myconf.c */,
				362C9ACA13A95E9200FCD8A4 /* myconf.h */,
				362C9ACB13A95E9200FCD8A4 /* tcadb.c */,
				362C9ACC13A95E9200FCD8A4 /* tcadb.h */,
				362C9ACD13A95E9200FCD8A4 /* tcamgr.c */,
				362C9AD013A95E9200FCD8A4 /* tcawmgr.c */,
				362C9AD113A95E9200FCD8A4 /* tcbdb.c */,
				362C9AD213A95E9200FCD8A4 /* tcbdb.h */,
				362C9AD313A95E9200FCD8A4 /* tcbmgr.c */,
				362C9AD613A95E9200FCD8A4 /* tcfdb.c */,
				362C9AD713A95E9200FCD8A4 /* tcfdb.h */,
				362C9AD813A95E9200FCD8A4 /* tcfmgr.c */,
				362C9ADB13A95E9200FCD8A4 /* tchdb.c */,
				362C9ADC13A95E9200FCD8A4 /* tchdb.h */,
				362C9ADD13A95E9200FCD8A4 /* tchmgr.c */,
				362C9AE013A95E9200FCD8A4 /* tctdb.c */,
				362C9AE113A95E9200FCD8A4 /* tctdb.h */,
				362C9AE213A95E9200FCD8A4 /* tctmgr.c */,
				362C9AE813A95E9200FCD8A4 /* tcutil.c */,
				362C9AE913A95E9200FCD8A4 /* tcutil.h */,
			);
			path = TokyoCabinet;
			sourceTree = "<group>";
		};
		362C9AEA13A95E9200FCD8A4 /* ZipArchive */ = {
			isa = PBXGroup;
			children = (
				362C9AEB13A95E9200FCD8A4 /* ZipArchive.h */,
				362C9AEC13A95E9200FCD8A4 /* ZipArchive.mm */,
				362C9AED13A95E9200FCD8A4 /* minizip */,
			);
			path = ZipArchive;
			sourceTree = "<group>";
		};
		362C9AED13A95E9200FCD8A4 /* minizip */ = {
			isa = PBXGroup;
			children = (
				362C9AEE13A95E9200FCD8A4 /* crypt.h */,
				362C9AEF13A95E9200FCD8A4 /* ioapi.c */,
				362C9AF013A95E9200FCD8A4 /* ioapi.h */,
				362C9AF113A95E9200FCD8A4 /* mztools.c */,
				362C9AF213A95E9200FCD8A4 /* mztools.h */,
				362C9AF313A95E9200FCD8A4 /* unzip.c */,
				362C9AF413A95E9200FCD8A4 /* unzip.h */,
				362C9AF513A95E9200FCD8A4 /* zip.c */,
				362C9AF613A95E9200FCD8A4 /* zip.h */,
			);
			path = minizip;
			sourceTree = "<group>";
		};
		362C9B5313A95EA200FCD8A4 /* TSTools */ = {
			isa = PBXGroup;
			children = (
				362C9B5413A95EA200FCD8A4 /* NSDate+TSTools.h */,
				362C9B5513A95EA200FCD8A4 /* NSDate+TSTools.m */,
				362C9B5613A95EA200FCD8A4 /* NSNull+TSTools.h */,
				362C9B5713A95EA200FCD8A4 /* NSNull+TSTools.m */,
				362C9B5813A95EA200FCD8A4 /* NSString+TSTools.h */,
				362C9B5913A95EA200FCD8A4 /* NSString+TSTools.m */,
				362C9B5A13A95EA200FCD8A4 /* TSFileReader.h */,
				362C9B5B13A95EA200FCD8A4 /* TSFileReader.m */,
				362C9B5C13A95EA200FCD8A4 /* TSMacros.h */,
			);
			path = TSTools;
			sourceTree = "<group>";
		};
		368ADD1813A799C700000A7E /* DBLoadingPane */ = {
			isa = PBXGroup;
			children = (
				3669458813A6A5E800B6DF53 /* DBLoadingPane.h */,
				3669458913A6A5E800B6DF53 /* DBLoadingPane.m */,
				3669458D13A6A60B00B6DF53 /* DBLoadingPane.xib */,
			);
			name = DBLoadingPane;
			sourceTree = "<group>";
		};
		368F1E3213A3B78D00835CBD = {
			isa = PBXGroup;
			children = (
				3628738A13B81F490043DCBB /* capProject.png */,
				3628738B13B81F490043DCBB /* capTarget.png */,
				369E4F9E13A9584D005F33F3 /* TSDB.markdown */,
				36AA2B6213A903F200A48277 /* COPYING */,
				3606F18813A8E5F900E45C4F /* README.markdown */,
				368F1E5B13A3B8EE00835CBD /* src */,
				368F1E4813A3B7DB00835CBD /* TSDocDB.OSX */,
				368F1E5513A3B80000835CBD /* TSDocDB.iOS */,
				368F1FD113A4427E00835CBD /* SampleApp.OSX */,
				3609E19F13ABE0DB00063663 /* SampleApp-iOS */,
				368F1E4113A3B7DB00835CBD /* Frameworks */,
				368F1E4013A3B7DA00835CBD /* Products */,
				368F1E3F13A3B7DA00835CBD /* libTSDocDB.OSX.a */,
				368F1E5213A3B80000835CBD /* libTSDocDB.iOS.a */,
			);
			sourceTree = "<group>";
		};
		368F1E4013A3B7DA00835CBD /* Products */ = {
			isa = PBXGroup;
			children = (
				368F1FCE13A4427E00835CBD /* SampleApp.OSX.app */,
				3609E19813ABE0DB00063663 /* SampleApp-iOS.app */,
			);
			name = Products;
			sourceTree = "<group>";
		};
		368F1E4113A3B7DB00835CBD /* Frameworks */ = {
			isa = PBXGroup;
			children = (
				3609E1CD13ABE37B00063663 /* libbz2.1.0.dylib */,
				3609E1CB13ABE36600063663 /* libz.1.2.3.dylib */,
				36A6FD4B13A5C19B00DD667D /* libz.1.2.3.dylib */,
				36A6FD4913A5C18F00DD667D /* libbz2.1.0.5.dylib */,
				368F1E4213A3B7DB00835CBD /* Cocoa.framework */,
				368F1E5313A3B80000835CBD /* Foundation.framework */,
				3609E19A13ABE0DB00063663 /* UIKit.framework */,
				3609E19D13ABE0DB00063663 /* CoreGraphics.framework */,
				368F1E4413A3B7DB00835CBD /* Other Frameworks */,
			);
			name = Frameworks;
			sourceTree = "<group>";
		};
		368F1E4413A3B7DB00835CBD /* Other Frameworks */ = {
			isa = PBXGroup;
			children = (
				368F1E4513A3B7DB00835CBD /* AppKit.framework */,
				368F1E4613A3B7DB00835CBD /* CoreData.framework */,
				368F1E4713A3B7DB00835CBD /* Foundation.framework */,
			);
			name = "Other Frameworks";
			sourceTree = "<group>";
		};
		368F1E4813A3B7DB00835CBD /* TSDocDB.OSX */ = {
			isa = PBXGroup;
			children = (
				368F1E4913A3B7DB00835CBD /* Supporting Files */,
			);
			path = TSDocDB.OSX;
			sourceTree = "<group>";
		};
		368F1E4913A3B7DB00835CBD /* Supporting Files */ = {
			isa = PBXGroup;
			children = (
				368F1E4A13A3B7DB00835CBD /* TSDocDB.OSX-Prefix.pch */,
			);
			name = "Supporting Files";
			sourceTree = "<group>";
		};
		368F1E5513A3B80000835CBD /* TSDocDB.iOS */ = {
			isa = PBXGroup;
			children = (
				368F1E5613A3B80000835CBD /* Supporting Files */,
			);
			path = TSDocDB.iOS;
			sourceTree = "<group>";
		};
		368F1E5613A3B80000835CBD /* Supporting Files */ = {
			isa = PBXGroup;
			children = (
				368F1E5713A3B80000835CBD /* TSDocDB.iOS-Prefix.pch */,
			);
			name = "Supporting Files";
			sourceTree = "<group>";
		};
		368F1E5B13A3B8EE00835CBD /* src */ = {
			isa = PBXGroup;
			children = (
				36A4EA2513A95DD200411208 /* assets */,
				368F1E5C13A3B8EE00835CBD /* TSDB.h */,
				368F1E5D13A3B8EE00835CBD /* TSDB.m */,
				368F1E5E13A3B8EE00835CBD /* TSDBManager.h */,
				368F1E5F13A3B8EE00835CBD /* TSDBManager.m */,
				368F1E6013A3B8EE00835CBD /* TSDBQuery.h */,
				368F1E6113A3B8EE00835CBD /* TSDBQuery.m */,
				368F1E6213A3B8EE00835CBD /* TSRowFilter.h */,
				368F1E6313A3B8EE00835CBD /* TSRowFilter.m */,
				368F1E6413A3B8EE00835CBD /* TSRowFilterChain.h */,
				368F1E6513A3B8EE00835CBD /* TSRowFilterChain.m */,
			);
			path = src;
			sourceTree = "<group>";
		};
		368F1FD113A4427E00835CBD /* SampleApp.OSX */ = {
			isa = PBXGroup;
			children = (
				3606F18D13A8F5D200E45C4F /* TSSearchField.h */,
				3606F18E13A8F5D200E45C4F /* TSSearchField.m */,
				368ADD1813A799C700000A7E /* DBLoadingPane */,
				368F205413A51DBF00835CBD /* CityDB */,
				368F1FDD13A4427F00835CBD /* SampleApp_OSXAppDelegate.h */,
				368F1FDE13A4427F00835CBD /* SampleApp_OSXAppDelegate.m */,
				368F1FE013A4427F00835CBD /* MainMenu.xib */,
				368F1FD213A4427F00835CBD /* Supporting Files */,
			);
			path = SampleApp.OSX;
			sourceTree = "<group>";
		};
		368F1FD213A4427F00835CBD /* Supporting Files */ = {
			isa = PBXGroup;
			children = (
				368F1FD313A4427F00835CBD /* SampleApp.OSX-Info.plist */,
				368F1FD413A4427F00835CBD /* InfoPlist.strings */,
				368F1FD713A4427F00835CBD /* SampleApp.OSX-Prefix.pch */,
				368F1FD813A4427F00835CBD /* main.m */,
				368F1FDA13A4427F00835CBD /* Credits.rtf */,
			);
			name = "Supporting Files";
			sourceTree = "<group>";
		};
		368F205413A51DBF00835CBD /* CityDB */ = {
			isa = PBXGroup;
			children = (
				368ADD1513A7971D00000A7E /* cities15000.txt */,
				36DE805013A59F9F00B2CAAC /* countryInfo.txt */,
				368F205713A52B5900835CBD /* CityDBDelegate.h */,
				368F205813A52B5900835CBD /* CityDBDelegate.m */,
			);
			path = CityDB;
			sourceTree = "<group>";
		};
		36A4EA2513A95DD200411208 /* assets */ = {
			isa = PBXGroup;
			children = (
				36F9A0501416F9260086EF95 /* JSONKit */,
				362C9B5313A95EA200FCD8A4 /* TSTools */,
				362C9AC513A95E9200FCD8A4 /* TokyoCabinet */,
				362C9AEA13A95E9200FCD8A4 /* ZipArchive */,
			);
			path = assets;
			sourceTree = "<group>";
		};
		36AAE12C13AED365007C0430 /* Views */ = {
			isa = PBXGroup;
			children = (
				36AAE12E13AED3A1007C0430 /* CityTableViewController */,
				362243D813AD3FC80021AF1C /* CountryTableViewController */,
				362243D613AD32200021AF1C /* DBImportViewController */,
			);
			name = Views;
			sourceTree = "<group>";
		};
		36AAE12E13AED3A1007C0430 /* CityTableViewController */ = {
			isa = PBXGroup;
			children = (
				36AAE12F13AED404007C0430 /* CityTableViewController.h */,
				36AAE13013AED404007C0430 /* CityTableViewController.m */,
				36AAE13113AED404007C0430 /* CityTableViewController.xib */,
				36AAE13413AED42F007C0430 /* CityTableViewController-iPad.xib */,
			);
			name = CityTableViewController;
			sourceTree = "<group>";
		};
		36F9A0501416F9260086EF95 /* JSONKit */ = {
			isa = PBXGroup;
			children = (
				36F9A0511416F9260086EF95 /* CHANGELOG.md */,
				36F9A0521416F9260086EF95 /* JSONKit.h */,
				36F9A0531416F9260086EF95 /* JSONKit.m */,
				36F9A0541416F9260086EF95 /* README.md */,
			);
			path = JSONKit;
			sourceTree = "<group>";
		};
/* End PBXGroup section */

/* Begin PBXHeadersBuildPhase section */
		368F1E3D13A3B7DA00835CBD /* Headers */ = {
			isa = PBXHeadersBuildPhase;
			buildActionMask = 2147483647;
			files = (
				368F1E9D13A3B8EE00835CBD /* TSDB.h in Headers */,
				368F1EA513A3B8EE00835CBD /* TSDBQuery.h in Headers */,
				362C9B2B13A95E9200FCD8A4 /* tctdb.h in Headers */,
				362C9B3B13A95E9200FCD8A4 /* tcutil.h in Headers */,
				362C9B2113A95E9200FCD8A4 /* tchdb.h in Headers */,
				362C9AF913A95E9200FCD8A4 /* md5.h in Headers */,
				362C9AFD13A95E9200FCD8A4 /* myconf.h in Headers */,
				362C9B0113A95E9200FCD8A4 /* tcadb.h in Headers */,
				362C9B0D13A95E9200FCD8A4 /* tcbdb.h in Headers */,
				362C9B1713A95E9200FCD8A4 /* tcfdb.h in Headers */,
				368F1EA113A3B8EE00835CBD /* TSDBManager.h in Headers */,
				368F1EA913A3B8EE00835CBD /* TSRowFilter.h in Headers */,
				368F1EAD13A3B8EE00835CBD /* TSRowFilterChain.h in Headers */,
				362C9B3D13A95E9200FCD8A4 /* ZipArchive.h in Headers */,
				362C9B4113A95E9200FCD8A4 /* crypt.h in Headers */,
				362C9B4513A95E9200FCD8A4 /* ioapi.h in Headers */,
				362C9B4913A95E9200FCD8A4 /* mztools.h in Headers */,
				362C9B4D13A95E9200FCD8A4 /* unzip.h in Headers */,
				362C9B5113A95E9200FCD8A4 /* zip.h in Headers */,
				36F9A0551416F9260086EF95 /* JSONKit.h in Headers */,
				362C9B6C13A95EA200FCD8A4 /* TSFileReader.h in Headers */,
				362C9B5D13A95EA200FCD8A4 /* NSDate+TSTools.h in Headers */,
				362C9B6213A95EA200FCD8A4 /* NSNull+TSTools.h in Headers */,
				362C9B6713A95EA200FCD8A4 /* NSString+TSTools.h in Headers */,
				362C9B7113A95EA200FCD8A4 /* TSMacros.h in Headers */,
			);
			runOnlyForDeploymentPostprocessing = 0;
		};
		368F1E5013A3B80000835CBD /* Headers */ = {
			isa = PBXHeadersBuildPhase;
			buildActionMask = 2147483647;
			files = (
				368F1E9E13A3B8EE00835CBD /* TSDB.h in Headers */,
				368F1EA613A3B8EE00835CBD /* TSDBQuery.h in Headers */,
				368F1EA213A3B8EE00835CBD /* TSDBManager.h in Headers */,
				368F1EAA13A3B8EE00835CBD /* TSRowFilter.h in Headers */,
				368F1EAE13A3B8EE00835CBD /* TSRowFilterChain.h in Headers */,
				362C9AFA13A95E9200FCD8A4 /* md5.h in Headers */,
				362C9AFE13A95E9200FCD8A4 /* myconf.h in Headers */,
				362C9B0213A95E9200FCD8A4 /* tcadb.h in Headers */,
				362C9B0E13A95E9200FCD8A4 /* tcbdb.h in Headers */,
				362C9B1813A95E9200FCD8A4 /* tcfdb.h in Headers */,
				362C9B2213A95E9200FCD8A4 /* tchdb.h in Headers */,
				362C9B2C13A95E9200FCD8A4 /* tctdb.h in Headers */,
				362C9B3C13A95E9200FCD8A4 /* tcutil.h in Headers */,
				362C9B3E13A95E9200FCD8A4 /* ZipArchive.h in Headers */,
				362C9B4213A95E9200FCD8A4 /* crypt.h in Headers */,
				362C9B4613A95E9200FCD8A4 /* ioapi.h in Headers */,
				362C9B4A13A95E9200FCD8A4 /* mztools.h in Headers */,
				362C9B4E13A95E9200FCD8A4 /* unzip.h in Headers */,
				362C9B5213A95E9200FCD8A4 /* zip.h in Headers */,
				36F9A0561416F9260086EF95 /* JSONKit.h in Headers */,
				362C9B6D13A95EA200FCD8A4 /* TSFileReader.h in Headers */,
				362C9B5E13A95EA200FCD8A4 /* NSDate+TSTools.h in Headers */,
				362C9B6313A95EA200FCD8A4 /* NSNull+TSTools.h in Headers */,
				362C9B6813A95EA200FCD8A4 /* NSString+TSTools.h in Headers */,
				362C9B7213A95EA200FCD8A4 /* TSMacros.h in Headers */,
			);
			runOnlyForDeploymentPostprocessing = 0;
		};
/* End PBXHeadersBuildPhase section */

/* Begin PBXNativeTarget section */
		3609E19713ABE0DB00063663 /* SampleApp-iOS */ = {
			isa = PBXNativeTarget;
			buildConfigurationList = 3609E1BB13ABE0DB00063663 /* Build configuration list for PBXNativeTarget "SampleApp-iOS" */;
			buildPhases = (
				3609E19413ABE0DB00063663 /* Sources */,
				3609E19513ABE0DB00063663 /* Frameworks */,
				3609E19613ABE0DB00063663 /* Resources */,
			);
			buildRules = (
			);
			dependencies = (
				3609E1C113ABE24400063663 /* PBXTargetDependency */,
			);
			name = "SampleApp-iOS";
			productName = "SampleApp-iOS";
			productReference = 3609E19813ABE0DB00063663 /* SampleApp-iOS.app */;
			productType = "com.apple.product-type.application";
		};
		368F1E3E13A3B7DA00835CBD /* TSDocDB.OSX */ = {
			isa = PBXNativeTarget;
			buildConfigurationList = 368F1E4B13A3B7DB00835CBD /* Build configuration list for PBXNativeTarget "TSDocDB.OSX" */;
			buildPhases = (
				368F1E3B13A3B7DA00835CBD /* Sources */,
				368F1E3C13A3B7DA00835CBD /* Frameworks */,
				368F1E3D13A3B7DA00835CBD /* Headers */,
			);
			buildRules = (
			);
			dependencies = (
			);
			name = TSDocDB.OSX;
			productName = TSDocDB.OSX;
			productReference = 368F1E3F13A3B7DA00835CBD /* libTSDocDB.OSX.a */;
			productType = "com.apple.product-type.library.static";
		};
		368F1E5113A3B80000835CBD /* TSDocDB.iOS */ = {
			isa = PBXNativeTarget;
			buildConfigurationList = 368F1E5813A3B80000835CBD /* Build configuration list for PBXNativeTarget "TSDocDB.iOS" */;
			buildPhases = (
				368F1E4E13A3B80000835CBD /* Sources */,
				368F1E4F13A3B80000835CBD /* Frameworks */,
				368F1E5013A3B80000835CBD /* Headers */,
			);
			buildRules = (
			);
			dependencies = (
			);
			name = TSDocDB.iOS;
			productName = TSDocDB.iOS;
			productReference = 368F1E5213A3B80000835CBD /* libTSDocDB.iOS.a */;
			productType = "com.apple.product-type.library.static";
		};
		368F1FCD13A4427E00835CBD /* SampleApp.OSX */ = {
			isa = PBXNativeTarget;
			buildConfigurationList = 368F1FE313A4427F00835CBD /* Build configuration list for PBXNativeTarget "SampleApp.OSX" */;
			buildPhases = (
				368F1FCA13A4427E00835CBD /* Sources */,
				368F1FCB13A4427E00835CBD /* Frameworks */,
				368F1FCC13A4427E00835CBD /* Resources */,
			);
			buildRules = (
			);
			dependencies = (
				36A6FD4213A5BEBA00DD667D /* PBXTargetDependency */,
			);
			name = SampleApp.OSX;
			productName = SampleApp.OSX;
			productReference = 368F1FCE13A4427E00835CBD /* SampleApp.OSX.app */;
			productType = "com.apple.product-type.application";
		};
/* End PBXNativeTarget section */

/* Begin PBXProject section */
		368F1E3413A3B78D00835CBD /* Project object */ = {
			isa = PBXProject;
			attributes = {
				ORGANIZATIONNAME = Ticklespace.com;
			};
			buildConfigurationList = 368F1E3713A3B78D00835CBD /* Build configuration list for PBXProject "TSDocDB" */;
			compatibilityVersion = "Xcode 3.2";
			developmentRegion = English;
			hasScannedForEncodings = 0;
			knownRegions = (
				en,
			);
			mainGroup = 368F1E3213A3B78D00835CBD;
			productRefGroup = 368F1E4013A3B7DA00835CBD /* Products */;
			projectDirPath = "";
			projectRoot = "";
			targets = (
				368F1E3E13A3B7DA00835CBD /* TSDocDB.OSX */,
				368F1E5113A3B80000835CBD /* TSDocDB.iOS */,
				368F1FCD13A4427E00835CBD /* SampleApp.OSX */,
				3609E19713ABE0DB00063663 /* SampleApp-iOS */,
			);
		};
/* End PBXProject section */

/* Begin PBXResourcesBuildPhase section */
		3609E19613ABE0DB00063663 /* Resources */ = {
			isa = PBXResourcesBuildPhase;
			buildActionMask = 2147483647;
			files = (
				3609E1A413ABE0DB00063663 /* InfoPlist.strings in Resources */,
				3609E1B113ABE0DB00063663 /* MainWindow_iPhone.xib in Resources */,
				3609E1B813ABE0DB00063663 /* MainWindow_iPad.xib in Resources */,
				3609E1BD13ABE13B00063663 /* cities15000.txt in Resources */,
				3609E1BE13ABE14000063663 /* countryInfo.txt in Resources */,
				3609E1D313ABE5CF00063663 /* DBImportViewController.xib in Resources */,
				3609E1D513ABEC2700063663 /* DBImportViewController-iPad.xib in Resources */,
				365D45C613AC545000ED04E9 /* CountryTableViewController.xib in Resources */,
				362243DF13AD57590021AF1C /* CountryTableViewController-iPad.xib in Resources */,
				36AAE13313AED404007C0430 /* CityTableViewController.xib in Resources */,
				36AAE13513AED42F007C0430 /* CityTableViewController-iPad.xib in Resources */,
			);
			runOnlyForDeploymentPostprocessing = 0;
		};
		368F1FCC13A4427E00835CBD /* Resources */ = {
			isa = PBXResourcesBuildPhase;
			buildActionMask = 2147483647;
			files = (
				368F1FD613A4427F00835CBD /* InfoPlist.strings in Resources */,
				368F1FDC13A4427F00835CBD /* Credits.rtf in Resources */,
				368F1FE213A4427F00835CBD /* MainMenu.xib in Resources */,
				36DE805213A59FC400B2CAAC /* countryInfo.txt in Resources */,
				3669458E13A6A60B00B6DF53 /* DBLoadingPane.xib in Resources */,
				368ADD1613A7971D00000A7E /* cities15000.txt in Resources */,
				369E4F9F13A9584D005F33F3 /* TSDB.markdown in Resources */,
			);
			runOnlyForDeploymentPostprocessing = 0;
		};
/* End PBXResourcesBuildPhase section */

/* Begin PBXSourcesBuildPhase section */
		3609E19413ABE0DB00063663 /* Sources */ = {
			isa = PBXSourcesBuildPhase;
			buildActionMask = 2147483647;
			files = (
				3609E1A713ABE0DB00063663 /* main.m in Sources */,
				3609E1AA13ABE0DB00063663 /* SampleApp_iOSAppDelegate.m in Sources */,
				3609E1AE13ABE0DB00063663 /* SampleApp_iOSAppDelegate_iPhone.m in Sources */,
				3609E1B513ABE0DB00063663 /* SampleApp_iOSAppDelegate_iPad.m in Sources */,
				3609E1BF13ABE14A00063663 /* CityDBDelegate.m in Sources */,
				3609E1C213ABE28F00063663 /* NSDate+TSTools.m in Sources */,
				3609E1C313ABE28F00063663 /* NSNull+TSTools.m in Sources */,
				3609E1C413ABE28F00063663 /* NSString+TSTools.m in Sources */,
				3609E1C513ABE28F00063663 /* TSFileReader.m in Sources */,
				3609E1D213ABE5CF00063663 /* DBImportViewController.m in Sources */,
				365D45C513AC545000ED04E9 /* CountryTableViewController.m in Sources */,
				36AAE13213AED404007C0430 /* CityTableViewController.m in Sources */,
			);
			runOnlyForDeploymentPostprocessing = 0;
		};
		368F1E3B13A3B7DA00835CBD /* Sources */ = {
			isa = PBXSourcesBuildPhase;
			buildActionMask = 2147483647;
			files = (
				368F1E9F13A3B8EE00835CBD /* TSDB.m in Sources */,
				368F1EA313A3B8EE00835CBD /* TSDBManager.m in Sources */,
				368F1EA713A3B8EE00835CBD /* TSDBQuery.m in Sources */,
				368F1EAB13A3B8EE00835CBD /* TSRowFilter.m in Sources */,
				368F1EAF13A3B8EE00835CBD /* TSRowFilterChain.m in Sources */,
				362C9AF713A95E9200FCD8A4 /* md5.c in Sources */,
				362C9AFB13A95E9200FCD8A4 /* myconf.c in Sources */,
				362C9AFF13A95E9200FCD8A4 /* tcadb.c in Sources */,
				362C9B0313A95E9200FCD8A4 /* tcamgr.c in Sources */,
				362C9B0913A95E9200FCD8A4 /* tcawmgr.c in Sources */,
				362C9B0B13A95E9200FCD8A4 /* tcbdb.c in Sources */,
				362C9B0F13A95E9200FCD8A4 /* tcbmgr.c in Sources */,
				362C9B1513A95E9200FCD8A4 /* tcfdb.c in Sources */,
				362C9B1913A95E9200FCD8A4 /* tcfmgr.c in Sources */,
				362C9B1F13A95E9200FCD8A4 /* tchdb.c in Sources */,
				362C9B2313A95E9200FCD8A4 /* tchmgr.c in Sources */,
				362C9B2913A95E9200FCD8A4 /* tctdb.c in Sources */,
				362C9B2D13A95E9200FCD8A4 /* tctmgr.c in Sources */,
				362C9B3913A95E9200FCD8A4 /* tcutil.c in Sources */,
				362C9B3F13A95E9200FCD8A4 /* ZipArchive.mm in Sources */,
				362C9B4313A95E9200FCD8A4 /* ioapi.c in Sources */,
				362C9B4713A95E9200FCD8A4 /* mztools.c in Sources */,
				362C9B4B13A95E9200FCD8A4 /* unzip.c in Sources */,
				362C9B4F13A95E9200FCD8A4 /* zip.c in Sources */,
				362C9B5F13A95EA200FCD8A4 /* NSDate+TSTools.m in Sources */,
				362C9B6413A95EA200FCD8A4 /* NSNull+TSTools.m in Sources */,
				362C9B6913A95EA200FCD8A4 /* NSString+TSTools.m in Sources */,
				362C9B6E13A95EA200FCD8A4 /* TSFileReader.m in Sources */,
				36F9A0571416F9260086EF95 /* JSONKit.m in Sources */,
			);
			runOnlyForDeploymentPostprocessing = 0;
		};
		368F1E4E13A3B80000835CBD /* Sources */ = {
			isa = PBXSourcesBuildPhase;
			buildActionMask = 2147483647;
			files = (
				368F1EA013A3B8EE00835CBD /* TSDB.m in Sources */,
				368F1EA413A3B8EE00835CBD /* TSDBManager.m in Sources */,
				368F1EA813A3B8EE00835CBD /* TSDBQuery.m in Sources */,
				368F1EAC13A3B8EE00835CBD /* TSRowFilter.m in Sources */,
				368F1EB013A3B8EE00835CBD /* TSRowFilterChain.m in Sources */,
				362C9AF813A95E9200FCD8A4 /* md5.c in Sources */,
				362C9AFC13A95E9200FCD8A4 /* myconf.c in Sources */,
				362C9B0013A95E9200FCD8A4 /* tcadb.c in Sources */,
				362C9B0413A95E9200FCD8A4 /* tcamgr.c in Sources */,
				362C9B0A13A95E9200FCD8A4 /* tcawmgr.c in Sources */,
				362C9B0C13A95E9200FCD8A4 /* tcbdb.c in Sources */,
				362C9B1013A95E9200FCD8A4 /* tcbmgr.c in Sources */,
				362C9B1613A95E9200FCD8A4 /* tcfdb.c in Sources */,
				362C9B1A13A95E9200FCD8A4 /* tcfmgr.c in Sources */,
				362C9B2013A95E9200FCD8A4 /* tchdb.c in Sources */,
				362C9B2413A95E9200FCD8A4 /* tchmgr.c in Sources */,
				362C9B2A13A95E9200FCD8A4 /* tctdb.c in Sources */,
				362C9B2E13A95E9200FCD8A4 /* tctmgr.c in Sources */,
				362C9B3A13A95E9200FCD8A4 /* tcutil.c in Sources */,
				362C9B4013A95E9200FCD8A4 /* ZipArchive.mm in Sources */,
				362C9B4413A95E9200FCD8A4 /* ioapi.c in Sources */,
				362C9B4813A95E9200FCD8A4 /* mztools.c in Sources */,
				362C9B4C13A95E9200FCD8A4 /* unzip.c in Sources */,
				362C9B5013A95E9200FCD8A4 /* zip.c in Sources */,
				362C9B6013A95EA200FCD8A4 /* NSDate+TSTools.m in Sources */,
				362C9B6513A95EA200FCD8A4 /* NSNull+TSTools.m in Sources */,
				362C9B6A13A95EA200FCD8A4 /* NSString+TSTools.m in Sources */,
				362C9B6F13A95EA200FCD8A4 /* TSFileReader.m in Sources */,
				36F9A0581416F9260086EF95 /* JSONKit.m in Sources */,
			);
			runOnlyForDeploymentPostprocessing = 0;
		};
		368F1FCA13A4427E00835CBD /* Sources */ = {
			isa = PBXSourcesBuildPhase;
			buildActionMask = 2147483647;
			files = (
				368F1FD913A4427F00835CBD /* main.m in Sources */,
				368F1FDF13A4427F00835CBD /* SampleApp_OSXAppDelegate.m in Sources */,
				36A6FD2F13A5B36A00DD667D /* CityDBDelegate.m in Sources */,
				3669458F13A6A61700B6DF53 /* DBLoadingPane.m in Sources */,
				3606F18F13A8F5D200E45C4F /* TSSearchField.m in Sources */,
				362C9B6113A95EA200FCD8A4 /* NSDate+TSTools.m in Sources */,
				362C9B6613A95EA200FCD8A4 /* NSNull+TSTools.m in Sources */,
				362C9B6B13A95EA200FCD8A4 /* NSString+TSTools.m in Sources */,
				362C9B7013A95EA200FCD8A4 /* TSFileReader.m in Sources */,
			);
			runOnlyForDeploymentPostprocessing = 0;
		};
/* End PBXSourcesBuildPhase section */

/* Begin PBXTargetDependency section */
		3609E1C113ABE24400063663 /* PBXTargetDependency */ = {
			isa = PBXTargetDependency;
			target = 368F1E5113A3B80000835CBD /* TSDocDB.iOS */;
			targetProxy = 3609E1C013ABE24400063663 /* PBXContainerItemProxy */;
		};
		36A6FD4213A5BEBA00DD667D /* PBXTargetDependency */ = {
			isa = PBXTargetDependency;
			target = 368F1E3E13A3B7DA00835CBD /* TSDocDB.OSX */;
			targetProxy = 36A6FD4113A5BEBA00DD667D /* PBXContainerItemProxy */;
		};
/* End PBXTargetDependency section */

/* Begin PBXVariantGroup section */
		3609E1A213ABE0DB00063663 /* InfoPlist.strings */ = {
			isa = PBXVariantGroup;
			children = (
				3609E1A313ABE0DB00063663 /* en */,
			);
			name = InfoPlist.strings;
			sourceTree = "<group>";
		};
		3609E1AF13ABE0DB00063663 /* MainWindow_iPhone.xib */ = {
			isa = PBXVariantGroup;
			children = (
				3609E1B013ABE0DB00063663 /* en */,
			);
			name = MainWindow_iPhone.xib;
			sourceTree = "<group>";
		};
		3609E1B613ABE0DB00063663 /* MainWindow_iPad.xib */ = {
			isa = PBXVariantGroup;
			children = (
				3609E1B713ABE0DB00063663 /* en */,
			);
			name = MainWindow_iPad.xib;
			sourceTree = "<group>";
		};
		368F1FD413A4427F00835CBD /* InfoPlist.strings */ = {
			isa = PBXVariantGroup;
			children = (
				368F1FD513A4427F00835CBD /* en */,
			);
			name = InfoPlist.strings;
			sourceTree = "<group>";
		};
		368F1FDA13A4427F00835CBD /* Credits.rtf */ = {
			isa = PBXVariantGroup;
			children = (
				368F1FDB13A4427F00835CBD /* en */,
			);
			name = Credits.rtf;
			sourceTree = "<group>";
		};
		368F1FE013A4427F00835CBD /* MainMenu.xib */ = {
			isa = PBXVariantGroup;
			children = (
				368F1FE113A4427F00835CBD /* en */,
			);
			name = MainMenu.xib;
			sourceTree = "<group>";
		};
/* End PBXVariantGroup section */

/* Begin XCBuildConfiguration section */
		3609E1B913ABE0DB00063663 /* Debug */ = {
			isa = XCBuildConfiguration;
			buildSettings = {
				ALWAYS_SEARCH_USER_PATHS = YES;
				ARCHS = "$(ARCHS_STANDARD_32_BIT)";
				"CODE_SIGN_IDENTITY[sdk=iphoneos*]" = "iPhone Developer";
				COPY_PHASE_STRIP = NO;
				GCC_C_LANGUAGE_STANDARD = gnu99;
				GCC_DYNAMIC_NO_PIC = NO;
				GCC_OPTIMIZATION_LEVEL = 0;
				GCC_PRECOMPILE_PREFIX_HEADER = YES;
				GCC_PREFIX_HEADER = "SampleApp-iOS/SampleApp-iOS-Prefix.pch";
				GCC_PREPROCESSOR_DEFINITIONS = DEBUG;
				GCC_SYMBOLS_PRIVATE_EXTERN = NO;
				GCC_VERSION = com.apple.compilers.llvmgcc42;
				GCC_WARN_ABOUT_RETURN_TYPE = YES;
				GCC_WARN_UNUSED_VARIABLE = YES;
				INFOPLIST_FILE = "SampleApp-iOS/SampleApp-iOS-Info.plist";
				IPHONEOS_DEPLOYMENT_TARGET = 4.3;
				PRODUCT_NAME = "$(TARGET_NAME)";
				SDKROOT = iphoneos;
				TARGETED_DEVICE_FAMILY = "1,2";
				WRAPPER_EXTENSION = app;
			};
			name = Debug;
		};
		3609E1BA13ABE0DB00063663 /* Release */ = {
			isa = XCBuildConfiguration;
			buildSettings = {
				ALWAYS_SEARCH_USER_PATHS = YES;
				ARCHS = "$(ARCHS_STANDARD_32_BIT)";
				"CODE_SIGN_IDENTITY[sdk=iphoneos*]" = "iPhone Developer";
				COPY_PHASE_STRIP = YES;
				GCC_C_LANGUAGE_STANDARD = gnu99;
				GCC_PRECOMPILE_PREFIX_HEADER = YES;
				GCC_PREFIX_HEADER = "SampleApp-iOS/SampleApp-iOS-Prefix.pch";
				GCC_VERSION = com.apple.compilers.llvmgcc42;
				GCC_WARN_ABOUT_RETURN_TYPE = YES;
				GCC_WARN_UNUSED_VARIABLE = YES;
				INFOPLIST_FILE = "SampleApp-iOS/SampleApp-iOS-Info.plist";
				IPHONEOS_DEPLOYMENT_TARGET = 4.3;
				OTHER_CFLAGS = "-DNS_BLOCK_ASSERTIONS=1";
				PRODUCT_NAME = "$(TARGET_NAME)";
				SDKROOT = iphoneos;
				TARGETED_DEVICE_FAMILY = "1,2";
				VALIDATE_PRODUCT = YES;
				WRAPPER_EXTENSION = app;
			};
			name = Release;
		};
		368F1E3913A3B78D00835CBD /* Debug */ = {
			isa = XCBuildConfiguration;
			buildSettings = {
				INSTALL_PATH = "$(BUILT_PRODUCTS_DIR)";
				PUBLIC_HEADERS_FOLDER_PATH = "$(TARGET_NAME)";
				SKIP_INSTALL = YES;
				USER_HEADER_SEARCH_PATHS = "$(BUILT_PRODUCTS_DIR)/**";
			};
			name = Debug;
		};
		368F1E3A13A3B78D00835CBD /* Release */ = {
			isa = XCBuildConfiguration;
			buildSettings = {
				INSTALL_PATH = "$(BUILT_PRODUCTS_DIR)";
				PUBLIC_HEADERS_FOLDER_PATH = "$(TARGET_NAME)";
				SKIP_INSTALL = YES;
				USER_HEADER_SEARCH_PATHS = "$(BUILT_PRODUCTS_DIR)/**";
			};
			name = Release;
		};
		368F1E4C13A3B7DB00835CBD /* Debug */ = {
			isa = XCBuildConfiguration;
			buildSettings = {
				ALWAYS_SEARCH_USER_PATHS = YES;
				ARCHS = "$(ARCHS_STANDARD_32_64_BIT)";
				COPY_PHASE_STRIP = NO;
				GCC_C_LANGUAGE_STANDARD = gnu99;
				GCC_DYNAMIC_NO_PIC = NO;
				GCC_ENABLE_OBJC_EXCEPTIONS = YES;
				GCC_ENABLE_OBJC_GC = unsupported;
				GCC_OPTIMIZATION_LEVEL = 0;
				GCC_PRECOMPILE_PREFIX_HEADER = YES;
				GCC_PREFIX_HEADER = "TSDocDB.OSX/TSDocDB.OSX-Prefix.pch";
				GCC_PREPROCESSOR_DEFINITIONS = DEBUG;
				GCC_SYMBOLS_PRIVATE_EXTERN = NO;
				GCC_VERSION = "";
				GCC_WARN_64_TO_32_BIT_CONVERSION = NO;
				GCC_WARN_ABOUT_RETURN_TYPE = YES;
				GCC_WARN_UNUSED_VARIABLE = YES;
				MACOSX_DEPLOYMENT_TARGET = 10.6;
				ONLY_ACTIVE_ARCH = YES;
				OTHER_CFLAGS = "";
				PRODUCT_NAME = "$(TARGET_NAME)";
				SDKROOT = macosx;
			};
			name = Debug;
		};
		368F1E4D13A3B7DB00835CBD /* Release */ = {
			isa = XCBuildConfiguration;
			buildSettings = {
				ALWAYS_SEARCH_USER_PATHS = YES;
				ARCHS = "$(ARCHS_STANDARD_32_64_BIT)";
				COPY_PHASE_STRIP = YES;
				DEBUG_INFORMATION_FORMAT = "dwarf-with-dsym";
				GCC_C_LANGUAGE_STANDARD = gnu99;
				GCC_ENABLE_OBJC_EXCEPTIONS = YES;
				GCC_ENABLE_OBJC_GC = unsupported;
				GCC_PRECOMPILE_PREFIX_HEADER = YES;
				GCC_PREFIX_HEADER = "TSDocDB.OSX/TSDocDB.OSX-Prefix.pch";
				GCC_VERSION = "";
				GCC_WARN_64_TO_32_BIT_CONVERSION = NO;
				GCC_WARN_ABOUT_RETURN_TYPE = YES;
				GCC_WARN_UNUSED_VARIABLE = YES;
				MACOSX_DEPLOYMENT_TARGET = 10.6;
				OTHER_CFLAGS = "";
				PRODUCT_NAME = "$(TARGET_NAME)";
				SDKROOT = macosx;
			};
			name = Release;
		};
		368F1E5913A3B80000835CBD /* Debug */ = {
			isa = XCBuildConfiguration;
			buildSettings = {
				ALWAYS_SEARCH_USER_PATHS = YES;
				ARCHS = "$(ARCHS_STANDARD_32_BIT)";
				DSTROOT = /tmp/TSDocDB_iOS.dst;
				GCC_C_LANGUAGE_STANDARD = gnu99;
				GCC_OPTIMIZATION_LEVEL = 0;
				GCC_PRECOMPILE_PREFIX_HEADER = YES;
				GCC_PREFIX_HEADER = "TSDocDB.iOS/TSDocDB.iOS-Prefix.pch";
				GCC_PREPROCESSOR_DEFINITIONS = DEBUG;
				GCC_SYMBOLS_PRIVATE_EXTERN = NO;
				GCC_VERSION = com.apple.compilers.llvmgcc42;
				GCC_WARN_ABOUT_RETURN_TYPE = YES;
				GCC_WARN_UNUSED_VARIABLE = YES;
				IPHONEOS_DEPLOYMENT_TARGET = 4.3;
				OTHER_LDFLAGS = "-ObjC";
				PRODUCT_NAME = "$(TARGET_NAME)";
				SDKROOT = iphoneos;
			};
			name = Debug;
		};
		368F1E5A13A3B80000835CBD /* Release */ = {
			isa = XCBuildConfiguration;
			buildSettings = {
				ALWAYS_SEARCH_USER_PATHS = YES;
				ARCHS = "$(ARCHS_STANDARD_32_BIT)";
				DSTROOT = /tmp/TSDocDB_iOS.dst;
				GCC_C_LANGUAGE_STANDARD = gnu99;
				GCC_PRECOMPILE_PREFIX_HEADER = YES;
				GCC_PREFIX_HEADER = "TSDocDB.iOS/TSDocDB.iOS-Prefix.pch";
				GCC_VERSION = com.apple.compilers.llvmgcc42;
				GCC_WARN_ABOUT_RETURN_TYPE = YES;
				GCC_WARN_UNUSED_VARIABLE = YES;
				IPHONEOS_DEPLOYMENT_TARGET = 4.3;
				OTHER_LDFLAGS = "-ObjC";
				PRODUCT_NAME = "$(TARGET_NAME)";
				SDKROOT = iphoneos;
			};
			name = Release;
		};
		368F1FE413A4427F00835CBD /* Debug */ = {
			isa = XCBuildConfiguration;
			buildSettings = {
				ALWAYS_SEARCH_USER_PATHS = YES;
				ARCHS = "$(ARCHS_STANDARD_32_64_BIT)";
				COPY_PHASE_STRIP = NO;
				GCC_C_LANGUAGE_STANDARD = gnu99;
				GCC_DYNAMIC_NO_PIC = NO;
				GCC_ENABLE_OBJC_EXCEPTIONS = YES;
				GCC_OPTIMIZATION_LEVEL = 0;
				GCC_PRECOMPILE_PREFIX_HEADER = YES;
				GCC_PREFIX_HEADER = "SampleApp.OSX/SampleApp.OSX-Prefix.pch";
				GCC_PREPROCESSOR_DEFINITIONS = DEBUG;
				GCC_SYMBOLS_PRIVATE_EXTERN = NO;
				GCC_VERSION = "";
				GCC_WARN_64_TO_32_BIT_CONVERSION = YES;
				GCC_WARN_ABOUT_RETURN_TYPE = YES;
				GCC_WARN_UNUSED_VARIABLE = YES;
				INFOPLIST_FILE = "SampleApp.OSX/SampleApp.OSX-Info.plist";
				MACOSX_DEPLOYMENT_TARGET = 10.6;
				ONLY_ACTIVE_ARCH = YES;
				PRODUCT_NAME = "$(TARGET_NAME)";
				SDKROOT = macosx;
				WRAPPER_EXTENSION = app;
			};
			name = Debug;
		};
		368F1FE513A4427F00835CBD /* Release */ = {
			isa = XCBuildConfiguration;
			buildSettings = {
				ALWAYS_SEARCH_USER_PATHS = YES;
				ARCHS = "$(ARCHS_STANDARD_32_64_BIT)";
				COPY_PHASE_STRIP = YES;
				DEBUG_INFORMATION_FORMAT = "dwarf-with-dsym";
				GCC_C_LANGUAGE_STANDARD = gnu99;
				GCC_ENABLE_OBJC_EXCEPTIONS = YES;
				GCC_PRECOMPILE_PREFIX_HEADER = YES;
				GCC_PREFIX_HEADER = "SampleApp.OSX/SampleApp.OSX-Prefix.pch";
				GCC_VERSION = "";
				GCC_WARN_64_TO_32_BIT_CONVERSION = YES;
				GCC_WARN_ABOUT_RETURN_TYPE = YES;
				GCC_WARN_UNUSED_VARIABLE = YES;
				INFOPLIST_FILE = "SampleApp.OSX/SampleApp.OSX-Info.plist";
				MACOSX_DEPLOYMENT_TARGET = 10.6;
				PRODUCT_NAME = "$(TARGET_NAME)";
				SDKROOT = macosx;
				WRAPPER_EXTENSION = app;
			};
			name = Release;
		};
/* End XCBuildConfiguration section */

/* Begin XCConfigurationList section */
		3609E1BB13ABE0DB00063663 /* Build configuration list for PBXNativeTarget "SampleApp-iOS" */ = {
			isa = XCConfigurationList;
			buildConfigurations = (
				3609E1B913ABE0DB00063663 /* Debug */,
				3609E1BA13ABE0DB00063663 /* Release */,
			);
			defaultConfigurationIsVisible = 0;
			defaultConfigurationName = Release;
		};
		368F1E3713A3B78D00835CBD /* Build configuration list for PBXProject "TSDocDB" */ = {
			isa = XCConfigurationList;
			buildConfigurations = (
				368F1E3913A3B78D00835CBD /* Debug */,
				368F1E3A13A3B78D00835CBD /* Release */,
			);
			defaultConfigurationIsVisible = 0;
			defaultConfigurationName = Release;
		};
		368F1E4B13A3B7DB00835CBD /* Build configuration list for PBXNativeTarget "TSDocDB.OSX" */ = {
			isa = XCConfigurationList;
			buildConfigurations = (
				368F1E4C13A3B7DB00835CBD /* Debug */,
				368F1E4D13A3B7DB00835CBD /* Release */,
			);
			defaultConfigurationIsVisible = 0;
			defaultConfigurationName = Release;
		};
		368F1E5813A3B80000835CBD /* Build configuration list for PBXNativeTarget "TSDocDB.iOS" */ = {
			isa = XCConfigurationList;
			buildConfigurations = (
				368F1E5913A3B80000835CBD /* Debug */,
				368F1E5A13A3B80000835CBD /* Release */,
			);
			defaultConfigurationIsVisible = 0;
			defaultConfigurationName = Release;
		};
		368F1FE313A4427F00835CBD /* Build configuration list for PBXNativeTarget "SampleApp.OSX" */ = {
			isa = XCConfigurationList;
			buildConfigurations = (
				368F1FE413A4427F00835CBD /* Debug */,
				368F1FE513A4427F00835CBD /* Release */,
			);
			defaultConfigurationIsVisible = 0;
			defaultConfigurationName = Release;
		};
/* End XCConfigurationList section */
	};
	rootObject = 368F1E3413A3B78D00835CBD /* Project object */;
}
